// !$*UTF8*$!
{
	archiveVersion = 1;
	classes = {
	};
	objectVersion = 52;
	objects = {

/* Begin PBXBuildFile section */
		D01B3CD225C2D76900B126FB /* GRPCManager.swift in Sources */ = {isa = PBXBuildFile; fileRef = D01B3CD125C2D76900B126FB /* GRPCManager.swift */; };
		D035C75825E92795005AC2BA /* NavigatorView.swift in Sources */ = {isa = PBXBuildFile; fileRef = D035C75725E92795005AC2BA /* NavigatorView.swift */; };
		D04B46EC25D1301200AC8926 /* LabSection.swift in Sources */ = {isa = PBXBuildFile; fileRef = D04B46EB25D1301200AC8926 /* LabSection.swift */; };
		D04B46FD25D1696D00AC8926 /* LabInfo.swift in Sources */ = {isa = PBXBuildFile; fileRef = D04B46FC25D1696D00AC8926 /* LabInfo.swift */; };
		D04B470225D1741300AC8926 /* StudentLab.swift in Sources */ = {isa = PBXBuildFile; fileRef = D04B470125D1741300AC8926 /* StudentLab.swift */; };
		D04B470A25D29B7300AC8926 /* JSON.swift in Sources */ = {isa = PBXBuildFile; fileRef = D04B470925D29B7300AC8926 /* JSON.swift */; };
		D06024B125DD23D4009390A1 /* LabTests.swift in Sources */ = {isa = PBXBuildFile; fileRef = D06024B025DD23D4009390A1 /* LabTests.swift */; };
		D06A115D25ECE1A4004B0047 /* UserViewModel.swift in Sources */ = {isa = PBXBuildFile; fileRef = D06A115C25ECE1A4004B0047 /* UserViewModel.swift */; };
		D0A6FCB925CA0A8A008C546B /* StudentNavigatorView.swift in Sources */ = {isa = PBXBuildFile; fileRef = D0A6FCB825CA0A8A008C546B /* StudentNavigatorView.swift */; };
		D0F9FC6325BEB9A90080A1F2 /* GRPC in Frameworks */ = {isa = PBXBuildFile; productRef = D0F9FC6225BEB9A90080A1F2 /* GRPC */; };
		D0F9FC6525BEB9A90080A1F2 /* CGRPCZlib in Frameworks */ = {isa = PBXBuildFile; productRef = D0F9FC6425BEB9A90080A1F2 /* CGRPCZlib */; };
		D0F9FC6F25BEBC360080A1F2 /* ag.pb.swift in Sources */ = {isa = PBXBuildFile; fileRef = D0F9FC6D25BEBC360080A1F2 /* ag.pb.swift */; };
		D0F9FC7025BEBC360080A1F2 /* ag.grpc.swift in Sources */ = {isa = PBXBuildFile; fileRef = D0F9FC6E25BEBC360080A1F2 /* ag.grpc.swift */; };
		FA17B95525EF7D6F008BB07F /* SubmissionReview.swift in Sources */ = {isa = PBXBuildFile; fileRef = FA17B95425EF7D6F008BB07F /* SubmissionReview.swift */; };
		FA17B95D25EF81F1008BB07F /* TranslateStatus.swift in Sources */ = {isa = PBXBuildFile; fileRef = FA17B95C25EF81F1008BB07F /* TranslateStatus.swift */; };
		FA17B96225EF90E6008BB07F /* SubmissionInfo.swift in Sources */ = {isa = PBXBuildFile; fileRef = FA17B96125EF90E6008BB07F /* SubmissionInfo.swift */; };
		FA17B96825EFD0D6008BB07F /* SubmissionListHeader.swift in Sources */ = {isa = PBXBuildFile; fileRef = FA17B96725EFD0D6008BB07F /* SubmissionListHeader.swift */; };
		FA29711F25D04CF2000C99A1 /* GithubLinkSection.swift in Sources */ = {isa = PBXBuildFile; fileRef = FA29711E25D04CF2000C99A1 /* GithubLinkSection.swift */; };
		FA29716E25D28E45000C99A1 /* LabPicker.swift in Sources */ = {isa = PBXBuildFile; fileRef = FA29716D25D28E45000C99A1 /* LabPicker.swift */; };
		FA29717325D303E0000C99A1 /* SearchField.swift in Sources */ = {isa = PBXBuildFile; fileRef = FA29717225D303E0000C99A1 /* SearchField.swift */; };
		FA29717825D311B5000C99A1 /* SearchFieldController.swift in Sources */ = {isa = PBXBuildFile; fileRef = FA29717725D311B5000C99A1 /* SearchFieldController.swift */; };
		FA3DBDD625E634EB00FF585C /* ResultViewModel.swift in Sources */ = {isa = PBXBuildFile; fileRef = FA3DBDD525E634EB00FF585C /* ResultViewModel.swift */; };
		FA5FBDE225E7E63E007EC0E3 /* ServerProvider.swift in Sources */ = {isa = PBXBuildFile; fileRef = FA5FBDE125E7E63E007EC0E3 /* ServerProvider.swift */; };
		FA6C3EB125D45E4500D8A798 /* SubmissionListItem.swift in Sources */ = {isa = PBXBuildFile; fileRef = FA6C3EB025D45E4500D8A798 /* SubmissionListItem.swift */; };
		FA85790925BEB4E900223DB9 /* QuickfeedApp.swift in Sources */ = {isa = PBXBuildFile; fileRef = FA85790825BEB4E900223DB9 /* QuickfeedApp.swift */; };
		FA85790B25BEB4E900223DB9 /* ContentView.swift in Sources */ = {isa = PBXBuildFile; fileRef = FA85790A25BEB4E900223DB9 /* ContentView.swift */; };
		FA85790D25BEB4EA00223DB9 /* Assets.xcassets in Resources */ = {isa = PBXBuildFile; fileRef = FA85790C25BEB4EA00223DB9 /* Assets.xcassets */; };
		FA85791025BEB4EA00223DB9 /* Preview Assets.xcassets in Resources */ = {isa = PBXBuildFile; fileRef = FA85790F25BEB4EA00223DB9 /* Preview Assets.xcassets */; };
		FA85791C25BEB4EA00223DB9 /* FakeProviderTests.swift in Sources */ = {isa = PBXBuildFile; fileRef = FA85791B25BEB4EA00223DB9 /* FakeProviderTests.swift */; };
		FA85792725BEB4EA00223DB9 /* QuickfeedUITests.swift in Sources */ = {isa = PBXBuildFile; fileRef = FA85792625BEB4EA00223DB9 /* QuickfeedUITests.swift */; };
		FAA8330525E3E073008C05F4 /* MemberListItem.swift in Sources */ = {isa = PBXBuildFile; fileRef = FAA8330425E3E073008C05F4 /* MemberListItem.swift */; };
		FAA8331325E4EF92008C05F4 /* CoursePicker.swift in Sources */ = {isa = PBXBuildFile; fileRef = FA44BC1725CDE4FB00FDB9A2 /* CoursePicker.swift */; };
		FAA8332C25E4F19E008C05F4 /* TeacherNavigationView.swift in Sources */ = {isa = PBXBuildFile; fileRef = FAB0671C25CACF8700FFE8EB /* TeacherNavigationView.swift */; };
		FAA8333025E4F1BD008C05F4 /* TeacherViewModel.swift in Sources */ = {isa = PBXBuildFile; fileRef = FAB0670425CAC8BC00FFE8EB /* TeacherViewModel.swift */; };
		FAA8333425E4F1D0008C05F4 /* ReviewNavigationView.swift in Sources */ = {isa = PBXBuildFile; fileRef = FA29712F25D05208000C99A1 /* ReviewNavigationView.swift */; };
		FAA8333925E502F2008C05F4 /* ResultView.swift in Sources */ = {isa = PBXBuildFile; fileRef = FAA8333825E502F2008C05F4 /* ResultView.swift */; };
		FAA8333E25E519E2008C05F4 /* ResultGrid.swift in Sources */ = {isa = PBXBuildFile; fileRef = FAA8333D25E519E2008C05F4 /* ResultGrid.swift */; };
		FAA8334E25E5259B008C05F4 /* ResultListItem.swift in Sources */ = {isa = PBXBuildFile; fileRef = FAA8334D25E5259B008C05F4 /* ResultListItem.swift */; };
		FAA8335325E52E3A008C05F4 /* SubmissionResult.swift in Sources */ = {isa = PBXBuildFile; fileRef = FAA8335225E52E3A008C05F4 /* SubmissionResult.swift */; };
		FAB0666125CABF2A00FFE8EB /* ag.grpc.swift in Sources */ = {isa = PBXBuildFile; fileRef = D0F9FC6E25BEBC360080A1F2 /* ag.grpc.swift */; };
		FAB0666525CABF2A00FFE8EB /* ag.grpc.swift in Sources */ = {isa = PBXBuildFile; fileRef = D0F9FC6E25BEBC360080A1F2 /* ag.grpc.swift */; };
		FAB0666925CABF2E00FFE8EB /* ag.pb.swift in Sources */ = {isa = PBXBuildFile; fileRef = D0F9FC6D25BEBC360080A1F2 /* ag.pb.swift */; };
		FAB0666D25CABF2F00FFE8EB /* ag.pb.swift in Sources */ = {isa = PBXBuildFile; fileRef = D0F9FC6D25BEBC360080A1F2 /* ag.pb.swift */; };
		FAB0667325CABF6E00FFE8EB /* CGRPCZlib in Frameworks */ = {isa = PBXBuildFile; productRef = FAB0667225CABF6E00FFE8EB /* CGRPCZlib */; };
		FAB0667525CABF7200FFE8EB /* GRPC in Frameworks */ = {isa = PBXBuildFile; productRef = FAB0667425CABF7200FFE8EB /* GRPC */; };
		FAB066A625CAC0D300FFE8EB /* FakeProvider.swift in Sources */ = {isa = PBXBuildFile; fileRef = FAB066A525CAC0D300FFE8EB /* FakeProvider.swift */; };
		FAB066A725CAC0D300FFE8EB /* FakeProvider.swift in Sources */ = {isa = PBXBuildFile; fileRef = FAB066A525CAC0D300FFE8EB /* FakeProvider.swift */; };
		FAB066A825CAC0D300FFE8EB /* FakeProvider.swift in Sources */ = {isa = PBXBuildFile; fileRef = FAB066A525CAC0D300FFE8EB /* FakeProvider.swift */; };
		FAB066B025CAC0F000FFE8EB /* ProviderProtocol.swift in Sources */ = {isa = PBXBuildFile; fileRef = FAB066AF25CAC0F000FFE8EB /* ProviderProtocol.swift */; };
		FAB066B125CAC0F000FFE8EB /* ProviderProtocol.swift in Sources */ = {isa = PBXBuildFile; fileRef = FAB066AF25CAC0F000FFE8EB /* ProviderProtocol.swift */; };
		FAB066B225CAC0F000FFE8EB /* ProviderProtocol.swift in Sources */ = {isa = PBXBuildFile; fileRef = FAB066AF25CAC0F000FFE8EB /* ProviderProtocol.swift */; };
		FAB066FB25CAC89B00FFE8EB /* StudentViewModel.swift in Sources */ = {isa = PBXBuildFile; fileRef = FAB066FA25CAC89B00FFE8EB /* StudentViewModel.swift */; };
		FAB066FC25CAC89B00FFE8EB /* StudentViewModel.swift in Sources */ = {isa = PBXBuildFile; fileRef = FAB066FA25CAC89B00FFE8EB /* StudentViewModel.swift */; };
		FAB066FD25CAC89B00FFE8EB /* StudentViewModel.swift in Sources */ = {isa = PBXBuildFile; fileRef = FAB066FA25CAC89B00FFE8EB /* StudentViewModel.swift */; };
		FAB0670625CAC8BC00FFE8EB /* TeacherViewModel.swift in Sources */ = {isa = PBXBuildFile; fileRef = FAB0670425CAC8BC00FFE8EB /* TeacherViewModel.swift */; };
		FAB0670725CAC8BC00FFE8EB /* TeacherViewModel.swift in Sources */ = {isa = PBXBuildFile; fileRef = FAB0670425CAC8BC00FFE8EB /* TeacherViewModel.swift */; };
		FAB0670C25CAC8D600FFE8EB /* UserViewModelProtocol.swift in Sources */ = {isa = PBXBuildFile; fileRef = FAB0670B25CAC8D600FFE8EB /* UserViewModelProtocol.swift */; };
		FAB0670D25CAC8D600FFE8EB /* UserViewModelProtocol.swift in Sources */ = {isa = PBXBuildFile; fileRef = FAB0670B25CAC8D600FFE8EB /* UserViewModelProtocol.swift */; };
		FAB0670E25CAC8D600FFE8EB /* UserViewModelProtocol.swift in Sources */ = {isa = PBXBuildFile; fileRef = FAB0670B25CAC8D600FFE8EB /* UserViewModelProtocol.swift */; };
		FABB233E25DBD91B00317969 /* MembersView.swift in Sources */ = {isa = PBXBuildFile; fileRef = FABB233D25DBD91B00317969 /* MembersView.swift */; };
		FAC5365225C0347300784980 /* UserManager.swift in Sources */ = {isa = PBXBuildFile; fileRef = FAC5365025C0347300784980 /* UserManager.swift */; };
		FAC5365325C0347300784980 /* UserManager.swift in Sources */ = {isa = PBXBuildFile; fileRef = FAC5365025C0347300784980 /* UserManager.swift */; };
		FAF945B725CC4E3200074A2F /* ProtoExstensions.swift in Sources */ = {isa = PBXBuildFile; fileRef = FAF945B625CC4E3200074A2F /* ProtoExstensions.swift */; };
		FAF945B825CC4E3200074A2F /* ProtoExstensions.swift in Sources */ = {isa = PBXBuildFile; fileRef = FAF945B625CC4E3200074A2F /* ProtoExstensions.swift */; };
		FAF945B925CC4E3200074A2F /* ProtoExstensions.swift in Sources */ = {isa = PBXBuildFile; fileRef = FAF945B625CC4E3200074A2F /* ProtoExstensions.swift */; };
/* End PBXBuildFile section */

/* Begin PBXContainerItemProxy section */
		FA85791825BEB4EA00223DB9 /* PBXContainerItemProxy */ = {
			isa = PBXContainerItemProxy;
			containerPortal = FA8578FD25BEB4E900223DB9 /* Project object */;
			proxyType = 1;
			remoteGlobalIDString = FA85790425BEB4E900223DB9;
			remoteInfo = Quickfeed;
		};
		FA85792325BEB4EA00223DB9 /* PBXContainerItemProxy */ = {
			isa = PBXContainerItemProxy;
			containerPortal = FA8578FD25BEB4E900223DB9 /* Project object */;
			proxyType = 1;
			remoteGlobalIDString = FA85790425BEB4E900223DB9;
			remoteInfo = Quickfeed;
		};
/* End PBXContainerItemProxy section */

/* Begin PBXFileReference section */
		D01B3CD125C2D76900B126FB /* GRPCManager.swift */ = {isa = PBXFileReference; fileEncoding = 4; lastKnownFileType = sourcecode.swift; path = GRPCManager.swift; sourceTree = "<group>"; };
		D029D7B825BF089B00047837 /* GRPCManager.swift */ = {isa = PBXFileReference; lastKnownFileType = sourcecode.swift; path = GRPCManager.swift; sourceTree = "<group>"; };
		D035C75725E92795005AC2BA /* NavigatorView.swift */ = {isa = PBXFileReference; lastKnownFileType = sourcecode.swift; path = NavigatorView.swift; sourceTree = "<group>"; };
		D04B46EB25D1301200AC8926 /* LabSection.swift */ = {isa = PBXFileReference; lastKnownFileType = sourcecode.swift; path = LabSection.swift; sourceTree = "<group>"; };
		D04B46FC25D1696D00AC8926 /* LabInfo.swift */ = {isa = PBXFileReference; lastKnownFileType = sourcecode.swift; path = LabInfo.swift; sourceTree = "<group>"; };
		D04B470125D1741300AC8926 /* StudentLab.swift */ = {isa = PBXFileReference; lastKnownFileType = sourcecode.swift; path = StudentLab.swift; sourceTree = "<group>"; };
		D04B470925D29B7300AC8926 /* JSON.swift */ = {isa = PBXFileReference; lastKnownFileType = sourcecode.swift; path = JSON.swift; sourceTree = "<group>"; };
		D06024B025DD23D4009390A1 /* LabTests.swift */ = {isa = PBXFileReference; lastKnownFileType = sourcecode.swift; path = LabTests.swift; sourceTree = "<group>"; };
		D06A115C25ECE1A4004B0047 /* UserViewModel.swift */ = {isa = PBXFileReference; lastKnownFileType = sourcecode.swift; path = UserViewModel.swift; sourceTree = "<group>"; };
		D0A6FCB825CA0A8A008C546B /* StudentNavigatorView.swift */ = {isa = PBXFileReference; lastKnownFileType = sourcecode.swift; path = StudentNavigatorView.swift; sourceTree = "<group>"; };
		D0F9FC6D25BEBC360080A1F2 /* ag.pb.swift */ = {isa = PBXFileReference; fileEncoding = 4; lastKnownFileType = sourcecode.swift; path = ag.pb.swift; sourceTree = "<group>"; };
		D0F9FC6E25BEBC360080A1F2 /* ag.grpc.swift */ = {isa = PBXFileReference; fileEncoding = 4; lastKnownFileType = sourcecode.swift; path = ag.grpc.swift; sourceTree = "<group>"; };
		FA17B95425EF7D6F008BB07F /* SubmissionReview.swift */ = {isa = PBXFileReference; lastKnownFileType = sourcecode.swift; path = SubmissionReview.swift; sourceTree = "<group>"; };
		FA17B95C25EF81F1008BB07F /* TranslateStatus.swift */ = {isa = PBXFileReference; lastKnownFileType = sourcecode.swift; path = TranslateStatus.swift; sourceTree = "<group>"; };
		FA17B96125EF90E6008BB07F /* SubmissionInfo.swift */ = {isa = PBXFileReference; lastKnownFileType = sourcecode.swift; path = SubmissionInfo.swift; sourceTree = "<group>"; };
		FA17B96725EFD0D6008BB07F /* SubmissionListHeader.swift */ = {isa = PBXFileReference; lastKnownFileType = sourcecode.swift; path = SubmissionListHeader.swift; sourceTree = "<group>"; };
		FA29711E25D04CF2000C99A1 /* GithubLinkSection.swift */ = {isa = PBXFileReference; lastKnownFileType = sourcecode.swift; path = GithubLinkSection.swift; sourceTree = "<group>"; };
		FA29712F25D05208000C99A1 /* ReviewNavigationView.swift */ = {isa = PBXFileReference; lastKnownFileType = sourcecode.swift; path = ReviewNavigationView.swift; sourceTree = "<group>"; };
		FA29716D25D28E45000C99A1 /* LabPicker.swift */ = {isa = PBXFileReference; lastKnownFileType = sourcecode.swift; path = LabPicker.swift; sourceTree = "<group>"; };
		FA29717225D303E0000C99A1 /* SearchField.swift */ = {isa = PBXFileReference; lastKnownFileType = sourcecode.swift; path = SearchField.swift; sourceTree = "<group>"; };
		FA29717725D311B5000C99A1 /* SearchFieldController.swift */ = {isa = PBXFileReference; lastKnownFileType = sourcecode.swift; path = SearchFieldController.swift; sourceTree = "<group>"; };
		FA3DBDD525E634EB00FF585C /* ResultViewModel.swift */ = {isa = PBXFileReference; lastKnownFileType = sourcecode.swift; path = ResultViewModel.swift; sourceTree = "<group>"; };
		FA44BC1725CDE4FB00FDB9A2 /* CoursePicker.swift */ = {isa = PBXFileReference; lastKnownFileType = sourcecode.swift; path = CoursePicker.swift; sourceTree = "<group>"; };
		FA5FBDE125E7E63E007EC0E3 /* ServerProvider.swift */ = {isa = PBXFileReference; lastKnownFileType = sourcecode.swift; path = ServerProvider.swift; sourceTree = "<group>"; };
		FA6C3EB025D45E4500D8A798 /* SubmissionListItem.swift */ = {isa = PBXFileReference; lastKnownFileType = sourcecode.swift; path = SubmissionListItem.swift; sourceTree = "<group>"; };
		FA85790525BEB4E900223DB9 /* Quickfeed.app */ = {isa = PBXFileReference; explicitFileType = wrapper.application; includeInIndex = 0; path = Quickfeed.app; sourceTree = BUILT_PRODUCTS_DIR; };
		FA85790825BEB4E900223DB9 /* QuickfeedApp.swift */ = {isa = PBXFileReference; lastKnownFileType = sourcecode.swift; path = QuickfeedApp.swift; sourceTree = "<group>"; };
		FA85790A25BEB4E900223DB9 /* ContentView.swift */ = {isa = PBXFileReference; lastKnownFileType = sourcecode.swift; path = ContentView.swift; sourceTree = "<group>"; };
		FA85790C25BEB4EA00223DB9 /* Assets.xcassets */ = {isa = PBXFileReference; lastKnownFileType = folder.assetcatalog; path = Assets.xcassets; sourceTree = "<group>"; };
		FA85790F25BEB4EA00223DB9 /* Preview Assets.xcassets */ = {isa = PBXFileReference; lastKnownFileType = folder.assetcatalog; path = "Preview Assets.xcassets"; sourceTree = "<group>"; };
		FA85791125BEB4EA00223DB9 /* Info.plist */ = {isa = PBXFileReference; lastKnownFileType = text.plist.xml; path = Info.plist; sourceTree = "<group>"; };
		FA85791225BEB4EA00223DB9 /* Quickfeed.entitlements */ = {isa = PBXFileReference; lastKnownFileType = text.plist.entitlements; path = Quickfeed.entitlements; sourceTree = "<group>"; };
		FA85791725BEB4EA00223DB9 /* QuickfeedTests.xctest */ = {isa = PBXFileReference; explicitFileType = wrapper.cfbundle; includeInIndex = 0; path = QuickfeedTests.xctest; sourceTree = BUILT_PRODUCTS_DIR; };
		FA85791B25BEB4EA00223DB9 /* FakeProviderTests.swift */ = {isa = PBXFileReference; lastKnownFileType = sourcecode.swift; path = FakeProviderTests.swift; sourceTree = "<group>"; };
		FA85791D25BEB4EA00223DB9 /* Info.plist */ = {isa = PBXFileReference; lastKnownFileType = text.plist.xml; path = Info.plist; sourceTree = "<group>"; };
		FA85792225BEB4EA00223DB9 /* QuickfeedUITests.xctest */ = {isa = PBXFileReference; explicitFileType = wrapper.cfbundle; includeInIndex = 0; path = QuickfeedUITests.xctest; sourceTree = BUILT_PRODUCTS_DIR; };
		FA85792625BEB4EA00223DB9 /* QuickfeedUITests.swift */ = {isa = PBXFileReference; lastKnownFileType = sourcecode.swift; path = QuickfeedUITests.swift; sourceTree = "<group>"; };
		FA85792825BEB4EA00223DB9 /* Info.plist */ = {isa = PBXFileReference; lastKnownFileType = text.plist.xml; path = Info.plist; sourceTree = "<group>"; };
		FAA8330425E3E073008C05F4 /* MemberListItem.swift */ = {isa = PBXFileReference; lastKnownFileType = sourcecode.swift; path = MemberListItem.swift; sourceTree = "<group>"; };
		FAA8333825E502F2008C05F4 /* ResultView.swift */ = {isa = PBXFileReference; lastKnownFileType = sourcecode.swift; path = ResultView.swift; sourceTree = "<group>"; };
		FAA8333D25E519E2008C05F4 /* ResultGrid.swift */ = {isa = PBXFileReference; lastKnownFileType = sourcecode.swift; path = ResultGrid.swift; sourceTree = "<group>"; };
		FAA8334D25E5259B008C05F4 /* ResultListItem.swift */ = {isa = PBXFileReference; lastKnownFileType = sourcecode.swift; path = ResultListItem.swift; sourceTree = "<group>"; };
		FAA8335225E52E3A008C05F4 /* SubmissionResult.swift */ = {isa = PBXFileReference; lastKnownFileType = sourcecode.swift; path = SubmissionResult.swift; sourceTree = "<group>"; };
		FAB066A525CAC0D300FFE8EB /* FakeProvider.swift */ = {isa = PBXFileReference; lastKnownFileType = sourcecode.swift; path = FakeProvider.swift; sourceTree = "<group>"; };
		FAB066AF25CAC0F000FFE8EB /* ProviderProtocol.swift */ = {isa = PBXFileReference; lastKnownFileType = sourcecode.swift; path = ProviderProtocol.swift; sourceTree = "<group>"; };
		FAB066FA25CAC89B00FFE8EB /* StudentViewModel.swift */ = {isa = PBXFileReference; lastKnownFileType = sourcecode.swift; path = StudentViewModel.swift; sourceTree = "<group>"; };
		FAB0670425CAC8BC00FFE8EB /* TeacherViewModel.swift */ = {isa = PBXFileReference; lastKnownFileType = sourcecode.swift; path = TeacherViewModel.swift; sourceTree = "<group>"; };
		FAB0670B25CAC8D600FFE8EB /* UserViewModelProtocol.swift */ = {isa = PBXFileReference; lastKnownFileType = sourcecode.swift; path = UserViewModelProtocol.swift; sourceTree = "<group>"; };
		FAB0671C25CACF8700FFE8EB /* TeacherNavigationView.swift */ = {isa = PBXFileReference; lastKnownFileType = sourcecode.swift; path = TeacherNavigationView.swift; sourceTree = "<group>"; };
		FABB233D25DBD91B00317969 /* MembersView.swift */ = {isa = PBXFileReference; lastKnownFileType = sourcecode.swift; path = MembersView.swift; sourceTree = "<group>"; };
		FAC5365025C0347300784980 /* UserManager.swift */ = {isa = PBXFileReference; lastKnownFileType = sourcecode.swift; path = UserManager.swift; sourceTree = "<group>"; };
		FAF945B625CC4E3200074A2F /* ProtoExstensions.swift */ = {isa = PBXFileReference; lastKnownFileType = sourcecode.swift; path = ProtoExstensions.swift; sourceTree = "<group>"; };
/* End PBXFileReference section */

/* Begin PBXFrameworksBuildPhase section */
		FA85790225BEB4E900223DB9 /* Frameworks */ = {
			isa = PBXFrameworksBuildPhase;
			buildActionMask = 2147483647;
			files = (
				D0F9FC6325BEB9A90080A1F2 /* GRPC in Frameworks */,
				D0F9FC6525BEB9A90080A1F2 /* CGRPCZlib in Frameworks */,
			);
			runOnlyForDeploymentPostprocessing = 0;
		};
		FA85791425BEB4EA00223DB9 /* Frameworks */ = {
			isa = PBXFrameworksBuildPhase;
			buildActionMask = 2147483647;
			files = (
			);
			runOnlyForDeploymentPostprocessing = 0;
		};
		FA85791F25BEB4EA00223DB9 /* Frameworks */ = {
			isa = PBXFrameworksBuildPhase;
			buildActionMask = 2147483647;
			files = (
				FAB0667525CABF7200FFE8EB /* GRPC in Frameworks */,
				FAB0667325CABF6E00FFE8EB /* CGRPCZlib in Frameworks */,
			);
			runOnlyForDeploymentPostprocessing = 0;
		};
/* End PBXFrameworksBuildPhase section */

/* Begin PBXGroup section */
		D01B3CCA25C2D73100B126FB /* Recovered References */ = {
			isa = PBXGroup;
			children = (
				D029D7B825BF089B00047837 /* GRPCManager.swift */,
			);
			name = "Recovered References";
			sourceTree = "<group>";
		};
		D04B46E125D12E9D00AC8926 /* Student */ = {
			isa = PBXGroup;
			children = (
				D0A6FCB825CA0A8A008C546B /* StudentNavigatorView.swift */,
				D04B470125D1741300AC8926 /* StudentLab.swift */,
			);
			path = Student;
			sourceTree = "<group>";
		};
		D0F9FC6C25BEBBDB0080A1F2 /* GRPC */ = {
			isa = PBXGroup;
			children = (
				D0F9FC6E25BEBC360080A1F2 /* ag.grpc.swift */,
				D0F9FC6D25BEBC360080A1F2 /* ag.pb.swift */,
				FA17B95C25EF81F1008BB07F /* TranslateStatus.swift */,
			);
			path = GRPC;
			sourceTree = "<group>";
		};
		FA17B96625EFD0C2008BB07F /* ListHeaders */ = {
			isa = PBXGroup;
			children = (
				FA17B96725EFD0D6008BB07F /* SubmissionListHeader.swift */,
			);
			path = ListHeaders;
			sourceTree = "<group>";
		};
		FA29712325D05121000C99A1 /* Teacher */ = {
			isa = PBXGroup;
			children = (
				FAB0671C25CACF8700FFE8EB /* TeacherNavigationView.swift */,
				FA29712F25D05208000C99A1 /* ReviewNavigationView.swift */,
				FABB233D25DBD91B00317969 /* MembersView.swift */,
				FAA8333825E502F2008C05F4 /* ResultView.swift */,
				FAA8333D25E519E2008C05F4 /* ResultGrid.swift */,
				FAA8335225E52E3A008C05F4 /* SubmissionResult.swift */,
				FA17B95425EF7D6F008BB07F /* SubmissionReview.swift */,
				FA17B96125EF90E6008BB07F /* SubmissionInfo.swift */,
			);
			path = Teacher;
			sourceTree = "<group>";
		};
		FA29714825D123FC000C99A1 /* SearchBar */ = {
			isa = PBXGroup;
			children = (
				FA29717225D303E0000C99A1 /* SearchField.swift */,
				FA29717725D311B5000C99A1 /* SearchFieldController.swift */,
			);
			path = SearchBar;
			sourceTree = "<group>";
		};
		FA29714925D12432000C99A1 /* Pickers */ = {
			isa = PBXGroup;
			children = (
				FA44BC1725CDE4FB00FDB9A2 /* CoursePicker.swift */,
				FA29716D25D28E45000C99A1 /* LabPicker.swift */,
			);
			path = Pickers;
			sourceTree = "<group>";
		};
		FA6C3EAF25D45E2000D8A798 /* ListItems */ = {
			isa = PBXGroup;
			children = (
				FA6C3EB025D45E4500D8A798 /* SubmissionListItem.swift */,
				FAA8330425E3E073008C05F4 /* MemberListItem.swift */,
				FAA8334D25E5259B008C05F4 /* ResultListItem.swift */,
			);
			path = ListItems;
			sourceTree = "<group>";
		};
		FA8578FC25BEB4E900223DB9 = {
			isa = PBXGroup;
			children = (
				FA85790725BEB4E900223DB9 /* Quickfeed */,
				FA85791A25BEB4EA00223DB9 /* QuickfeedTests */,
				FA85792525BEB4EA00223DB9 /* QuickfeedUITests */,
				FA85790625BEB4E900223DB9 /* Products */,
				D01B3CCA25C2D73100B126FB /* Recovered References */,
				FAB0667125CABF6E00FFE8EB /* Frameworks */,
			);
			sourceTree = "<group>";
		};
		FA85790625BEB4E900223DB9 /* Products */ = {
			isa = PBXGroup;
			children = (
				FA85790525BEB4E900223DB9 /* Quickfeed.app */,
				FA85791725BEB4EA00223DB9 /* QuickfeedTests.xctest */,
				FA85792225BEB4EA00223DB9 /* QuickfeedUITests.xctest */,
			);
			name = Products;
			sourceTree = "<group>";
		};
		FA85790725BEB4E900223DB9 /* Quickfeed */ = {
			isa = PBXGroup;
			children = (
				FAB066A425CAC09F00FFE8EB /* Providers */,
				FAB066F825CAC84200FFE8EB /* ViewModels */,
				FA85798025BEC4B000223DB9 /* Views */,
				FAC5364F25C0321600784980 /* Managers */,
				FA85795A25BEB9AC00223DB9 /* Models */,
				D0F9FC6C25BEBBDB0080A1F2 /* GRPC */,
				FA85790825BEB4E900223DB9 /* QuickfeedApp.swift */,
				FA85790C25BEB4EA00223DB9 /* Assets.xcassets */,
				FA85791125BEB4EA00223DB9 /* Info.plist */,
				FA85791225BEB4EA00223DB9 /* Quickfeed.entitlements */,
				FA85790E25BEB4EA00223DB9 /* Preview Content */,
			);
			path = Quickfeed;
			sourceTree = "<group>";
		};
		FA85790E25BEB4EA00223DB9 /* Preview Content */ = {
			isa = PBXGroup;
			children = (
				FA85790F25BEB4EA00223DB9 /* Preview Assets.xcassets */,
			);
			path = "Preview Content";
			sourceTree = "<group>";
		};
		FA85791A25BEB4EA00223DB9 /* QuickfeedTests */ = {
			isa = PBXGroup;
			children = (
				FA85791B25BEB4EA00223DB9 /* FakeProviderTests.swift */,
				FA85791D25BEB4EA00223DB9 /* Info.plist */,
			);
			path = QuickfeedTests;
			sourceTree = "<group>";
		};
		FA85792525BEB4EA00223DB9 /* QuickfeedUITests */ = {
			isa = PBXGroup;
			children = (
				FA85792625BEB4EA00223DB9 /* QuickfeedUITests.swift */,
				FA85792825BEB4EA00223DB9 /* Info.plist */,
			);
			path = QuickfeedUITests;
			sourceTree = "<group>";
		};
		FA85795A25BEB9AC00223DB9 /* Models */ = {
			isa = PBXGroup;
			children = (
				FAF945B625CC4E3200074A2F /* ProtoExstensions.swift */,
				D04B470925D29B7300AC8926 /* JSON.swift */,
			);
			path = Models;
			sourceTree = "<group>";
		};
		FA85798025BEC4B000223DB9 /* Views */ = {
			isa = PBXGroup;
			children = (
				FA17B96625EFD0C2008BB07F /* ListHeaders */,
				FA85790A25BEB4E900223DB9 /* ContentView.swift */,
				FA6C3EAF25D45E2000D8A798 /* ListItems */,
				FA29714925D12432000C99A1 /* Pickers */,
				FA29714825D123FC000C99A1 /* SearchBar */,
				D04B46E125D12E9D00AC8926 /* Student */,
				FA29712325D05121000C99A1 /* Teacher */,
				FA85798C25BEC5B600223DB9 /* Helpers */,
				D035C75725E92795005AC2BA /* NavigatorView.swift */,
			);
			path = Views;
			sourceTree = "<group>";
		};
		FA85798C25BEC5B600223DB9 /* Helpers */ = {
			isa = PBXGroup;
			children = (
				D04B46FC25D1696D00AC8926 /* LabInfo.swift */,
				FA29711E25D04CF2000C99A1 /* GithubLinkSection.swift */,
				D04B46EB25D1301200AC8926 /* LabSection.swift */,
				D06024B025DD23D4009390A1 /* LabTests.swift */,
			);
			path = Helpers;
			sourceTree = "<group>";
		};
		FAB0667125CABF6E00FFE8EB /* Frameworks */ = {
			isa = PBXGroup;
			children = (
			);
			name = Frameworks;
			sourceTree = "<group>";
		};
		FAB066A425CAC09F00FFE8EB /* Providers */ = {
			isa = PBXGroup;
			children = (
				FAB066A525CAC0D300FFE8EB /* FakeProvider.swift */,
				FAB066AF25CAC0F000FFE8EB /* ProviderProtocol.swift */,
				FA5FBDE125E7E63E007EC0E3 /* ServerProvider.swift */,
			);
			path = Providers;
			sourceTree = "<group>";
		};
		FAB066F825CAC84200FFE8EB /* ViewModels */ = {
			isa = PBXGroup;
			children = (
				FAB066F925CAC85500FFE8EB /* Users */,
				FA3DBDD525E634EB00FF585C /* ResultViewModel.swift */,
			);
			path = ViewModels;
			sourceTree = "<group>";
		};
		FAB066F925CAC85500FFE8EB /* Users */ = {
			isa = PBXGroup;
			children = (
				FAB066FA25CAC89B00FFE8EB /* StudentViewModel.swift */,
				FAB0670425CAC8BC00FFE8EB /* TeacherViewModel.swift */,
				FAB0670B25CAC8D600FFE8EB /* UserViewModelProtocol.swift */,
				D06A115C25ECE1A4004B0047 /* UserViewModel.swift */,
			);
			path = Users;
			sourceTree = "<group>";
		};
		FAC5364F25C0321600784980 /* Managers */ = {
			isa = PBXGroup;
			children = (
				D01B3CD125C2D76900B126FB /* GRPCManager.swift */,
				FAC5365025C0347300784980 /* UserManager.swift */,
			);
			path = Managers;
			sourceTree = "<group>";
		};
/* End PBXGroup section */

/* Begin PBXNativeTarget section */
		FA85790425BEB4E900223DB9 /* Quickfeed */ = {
			isa = PBXNativeTarget;
			buildConfigurationList = FA85792B25BEB4EA00223DB9 /* Build configuration list for PBXNativeTarget "Quickfeed" */;
			buildPhases = (
				FA85790125BEB4E900223DB9 /* Sources */,
				FA85790225BEB4E900223DB9 /* Frameworks */,
				FA85790325BEB4E900223DB9 /* Resources */,
			);
			buildRules = (
			);
			dependencies = (
			);
			name = Quickfeed;
			packageProductDependencies = (
				D0F9FC6225BEB9A90080A1F2 /* GRPC */,
				D0F9FC6425BEB9A90080A1F2 /* CGRPCZlib */,
			);
			productName = Quickfeed;
			productReference = FA85790525BEB4E900223DB9 /* Quickfeed.app */;
			productType = "com.apple.product-type.application";
		};
		FA85791625BEB4EA00223DB9 /* QuickfeedTests */ = {
			isa = PBXNativeTarget;
			buildConfigurationList = FA85792E25BEB4EA00223DB9 /* Build configuration list for PBXNativeTarget "QuickfeedTests" */;
			buildPhases = (
				FA85791325BEB4EA00223DB9 /* Sources */,
				FA85791425BEB4EA00223DB9 /* Frameworks */,
				FA85791525BEB4EA00223DB9 /* Resources */,
			);
			buildRules = (
			);
			dependencies = (
				FA85791925BEB4EA00223DB9 /* PBXTargetDependency */,
			);
			name = QuickfeedTests;
			packageProductDependencies = (
			);
			productName = QuickfeedTests;
			productReference = FA85791725BEB4EA00223DB9 /* QuickfeedTests.xctest */;
			productType = "com.apple.product-type.bundle.unit-test";
		};
		FA85792125BEB4EA00223DB9 /* QuickfeedUITests */ = {
			isa = PBXNativeTarget;
			buildConfigurationList = FA85793125BEB4EA00223DB9 /* Build configuration list for PBXNativeTarget "QuickfeedUITests" */;
			buildPhases = (
				FA85791E25BEB4EA00223DB9 /* Sources */,
				FA85791F25BEB4EA00223DB9 /* Frameworks */,
				FA85792025BEB4EA00223DB9 /* Resources */,
			);
			buildRules = (
			);
			dependencies = (
				FA85792425BEB4EA00223DB9 /* PBXTargetDependency */,
			);
			name = QuickfeedUITests;
			packageProductDependencies = (
				FAB0667225CABF6E00FFE8EB /* CGRPCZlib */,
				FAB0667425CABF7200FFE8EB /* GRPC */,
			);
			productName = QuickfeedUITests;
			productReference = FA85792225BEB4EA00223DB9 /* QuickfeedUITests.xctest */;
			productType = "com.apple.product-type.bundle.ui-testing";
		};
/* End PBXNativeTarget section */

/* Begin PBXProject section */
		FA8578FD25BEB4E900223DB9 /* Project object */ = {
			isa = PBXProject;
			attributes = {
				LastSwiftUpdateCheck = 1230;
				LastUpgradeCheck = 1230;
				TargetAttributes = {
					FA85790425BEB4E900223DB9 = {
						CreatedOnToolsVersion = 12.3;
					};
					FA85791625BEB4EA00223DB9 = {
						CreatedOnToolsVersion = 12.3;
						TestTargetID = FA85790425BEB4E900223DB9;
					};
					FA85792125BEB4EA00223DB9 = {
						CreatedOnToolsVersion = 12.3;
						TestTargetID = FA85790425BEB4E900223DB9;
					};
				};
			};
			buildConfigurationList = FA85790025BEB4E900223DB9 /* Build configuration list for PBXProject "Quickfeed" */;
			compatibilityVersion = "Xcode 9.3";
			developmentRegion = en;
			hasScannedForEncodings = 0;
			knownRegions = (
				en,
				Base,
			);
			mainGroup = FA8578FC25BEB4E900223DB9;
			packageReferences = (
				D0F9FC6125BEB9A90080A1F2 /* XCRemoteSwiftPackageReference "grpc-swift" */,
			);
			productRefGroup = FA85790625BEB4E900223DB9 /* Products */;
			projectDirPath = "";
			projectRoot = "";
			targets = (
				FA85790425BEB4E900223DB9 /* Quickfeed */,
				FA85791625BEB4EA00223DB9 /* QuickfeedTests */,
				FA85792125BEB4EA00223DB9 /* QuickfeedUITests */,
			);
		};
/* End PBXProject section */

/* Begin PBXResourcesBuildPhase section */
		FA85790325BEB4E900223DB9 /* Resources */ = {
			isa = PBXResourcesBuildPhase;
			buildActionMask = 2147483647;
			files = (
				FA85791025BEB4EA00223DB9 /* Preview Assets.xcassets in Resources */,
				FA85790D25BEB4EA00223DB9 /* Assets.xcassets in Resources */,
			);
			runOnlyForDeploymentPostprocessing = 0;
		};
		FA85791525BEB4EA00223DB9 /* Resources */ = {
			isa = PBXResourcesBuildPhase;
			buildActionMask = 2147483647;
			files = (
			);
			runOnlyForDeploymentPostprocessing = 0;
		};
		FA85792025BEB4EA00223DB9 /* Resources */ = {
			isa = PBXResourcesBuildPhase;
			buildActionMask = 2147483647;
			files = (
			);
			runOnlyForDeploymentPostprocessing = 0;
		};
/* End PBXResourcesBuildPhase section */

/* Begin PBXSourcesBuildPhase section */
		FA85790125BEB4E900223DB9 /* Sources */ = {
			isa = PBXSourcesBuildPhase;
			buildActionMask = 2147483647;
			files = (
				FAA8333425E4F1D0008C05F4 /* ReviewNavigationView.swift in Sources */,
				FA17B96225EF90E6008BB07F /* SubmissionInfo.swift in Sources */,
				FA3DBDD625E634EB00FF585C /* ResultViewModel.swift in Sources */,
				FAA8333025E4F1BD008C05F4 /* TeacherViewModel.swift in Sources */,
				FAA8332C25E4F19E008C05F4 /* TeacherNavigationView.swift in Sources */,
				FAA8333925E502F2008C05F4 /* ResultView.swift in Sources */,
				FAA8331325E4EF92008C05F4 /* CoursePicker.swift in Sources */,
				FAB066A625CAC0D300FFE8EB /* FakeProvider.swift in Sources */,
				FA17B95525EF7D6F008BB07F /* SubmissionReview.swift in Sources */,
				FA6C3EB125D45E4500D8A798 /* SubmissionListItem.swift in Sources */,
				D04B470225D1741300AC8926 /* StudentLab.swift in Sources */,
				D06024B125DD23D4009390A1 /* LabTests.swift in Sources */,
				FAB066FB25CAC89B00FFE8EB /* StudentViewModel.swift in Sources */,
				D04B470A25D29B7300AC8926 /* JSON.swift in Sources */,
				D0A6FCB925CA0A8A008C546B /* StudentNavigatorView.swift in Sources */,
				FAF945B725CC4E3200074A2F /* ProtoExstensions.swift in Sources */,
				FA17B95D25EF81F1008BB07F /* TranslateStatus.swift in Sources */,
				FAB0670C25CAC8D600FFE8EB /* UserViewModelProtocol.swift in Sources */,
				D035C75825E92795005AC2BA /* NavigatorView.swift in Sources */,
				FA29711F25D04CF2000C99A1 /* GithubLinkSection.swift in Sources */,
				D0F9FC6F25BEBC360080A1F2 /* ag.pb.swift in Sources */,
				FAA8335325E52E3A008C05F4 /* SubmissionResult.swift in Sources */,
				FA29717325D303E0000C99A1 /* SearchField.swift in Sources */,
				FABB233E25DBD91B00317969 /* MembersView.swift in Sources */,
				FAA8330525E3E073008C05F4 /* MemberListItem.swift in Sources */,
				FA29717825D311B5000C99A1 /* SearchFieldController.swift in Sources */,
				FAA8333E25E519E2008C05F4 /* ResultGrid.swift in Sources */,
				FA5FBDE225E7E63E007EC0E3 /* ServerProvider.swift in Sources */,
				D04B46EC25D1301200AC8926 /* LabSection.swift in Sources */,
				FA85790B25BEB4E900223DB9 /* ContentView.swift in Sources */,
				D06A115D25ECE1A4004B0047 /* UserViewModel.swift in Sources */,
				D0F9FC7025BEBC360080A1F2 /* ag.grpc.swift in Sources */,
				FAA8334E25E5259B008C05F4 /* ResultListItem.swift in Sources */,
				D04B46FD25D1696D00AC8926 /* LabInfo.swift in Sources */,
				D01B3CD225C2D76900B126FB /* GRPCManager.swift in Sources */,
				FAB066B025CAC0F000FFE8EB /* ProviderProtocol.swift in Sources */,
				FA17B96825EFD0D6008BB07F /* SubmissionListHeader.swift in Sources */,
				FA29716E25D28E45000C99A1 /* LabPicker.swift in Sources */,
				FA85790925BEB4E900223DB9 /* QuickfeedApp.swift in Sources */,
			);
			runOnlyForDeploymentPostprocessing = 0;
		};
		FA85791325BEB4EA00223DB9 /* Sources */ = {
			isa = PBXSourcesBuildPhase;
			buildActionMask = 2147483647;
			files = (
				FAB066FC25CAC89B00FFE8EB /* StudentViewModel.swift in Sources */,
				FAB066B125CAC0F000FFE8EB /* ProviderProtocol.swift in Sources */,
				FAB0666925CABF2E00FFE8EB /* ag.pb.swift in Sources */,
				FAB0670D25CAC8D600FFE8EB /* UserViewModelProtocol.swift in Sources */,
				FAC5365225C0347300784980 /* UserManager.swift in Sources */,
				FA85791C25BEB4EA00223DB9 /* FakeProviderTests.swift in Sources */,
				FAB0666125CABF2A00FFE8EB /* ag.grpc.swift in Sources */,
				FAB066A725CAC0D300FFE8EB /* FakeProvider.swift in Sources */,
				FAF945B825CC4E3200074A2F /* ProtoExstensions.swift in Sources */,
				FAB0670625CAC8BC00FFE8EB /* TeacherViewModel.swift in Sources */,
			);
			runOnlyForDeploymentPostprocessing = 0;
		};
		FA85791E25BEB4EA00223DB9 /* Sources */ = {
			isa = PBXSourcesBuildPhase;
			buildActionMask = 2147483647;
			files = (
				FAB066FD25CAC89B00FFE8EB /* StudentViewModel.swift in Sources */,
				FAB066B225CAC0F000FFE8EB /* ProviderProtocol.swift in Sources */,
				FAB0666D25CABF2F00FFE8EB /* ag.pb.swift in Sources */,
				FAB0670E25CAC8D600FFE8EB /* UserViewModelProtocol.swift in Sources */,
				FAC5365325C0347300784980 /* UserManager.swift in Sources */,
				FA85792725BEB4EA00223DB9 /* QuickfeedUITests.swift in Sources */,
				FAB0666525CABF2A00FFE8EB /* ag.grpc.swift in Sources */,
				FAB066A825CAC0D300FFE8EB /* FakeProvider.swift in Sources */,
				FAF945B925CC4E3200074A2F /* ProtoExstensions.swift in Sources */,
				FAB0670725CAC8BC00FFE8EB /* TeacherViewModel.swift in Sources */,
			);
			runOnlyForDeploymentPostprocessing = 0;
		};
/* End PBXSourcesBuildPhase section */

/* Begin PBXTargetDependency section */
		FA85791925BEB4EA00223DB9 /* PBXTargetDependency */ = {
			isa = PBXTargetDependency;
			target = FA85790425BEB4E900223DB9 /* Quickfeed */;
			targetProxy = FA85791825BEB4EA00223DB9 /* PBXContainerItemProxy */;
		};
		FA85792425BEB4EA00223DB9 /* PBXTargetDependency */ = {
			isa = PBXTargetDependency;
			target = FA85790425BEB4E900223DB9 /* Quickfeed */;
			targetProxy = FA85792325BEB4EA00223DB9 /* PBXContainerItemProxy */;
		};
/* End PBXTargetDependency section */

/* Begin XCBuildConfiguration section */
		FA85792925BEB4EA00223DB9 /* Debug */ = {
			isa = XCBuildConfiguration;
			buildSettings = {
				ALWAYS_SEARCH_USER_PATHS = NO;
				CLANG_ANALYZER_NONNULL = YES;
				CLANG_ANALYZER_NUMBER_OBJECT_CONVERSION = YES_AGGRESSIVE;
				CLANG_CXX_LANGUAGE_STANDARD = "gnu++14";
				CLANG_CXX_LIBRARY = "libc++";
				CLANG_ENABLE_MODULES = YES;
				CLANG_ENABLE_OBJC_ARC = YES;
				CLANG_ENABLE_OBJC_WEAK = YES;
				CLANG_WARN_BLOCK_CAPTURE_AUTORELEASING = YES;
				CLANG_WARN_BOOL_CONVERSION = YES;
				CLANG_WARN_COMMA = YES;
				CLANG_WARN_CONSTANT_CONVERSION = YES;
				CLANG_WARN_DEPRECATED_OBJC_IMPLEMENTATIONS = YES;
				CLANG_WARN_DIRECT_OBJC_ISA_USAGE = YES_ERROR;
				CLANG_WARN_DOCUMENTATION_COMMENTS = YES;
				CLANG_WARN_EMPTY_BODY = YES;
				CLANG_WARN_ENUM_CONVERSION = YES;
				CLANG_WARN_INFINITE_RECURSION = YES;
				CLANG_WARN_INT_CONVERSION = YES;
				CLANG_WARN_NON_LITERAL_NULL_CONVERSION = YES;
				CLANG_WARN_OBJC_IMPLICIT_RETAIN_SELF = YES;
				CLANG_WARN_OBJC_LITERAL_CONVERSION = YES;
				CLANG_WARN_OBJC_ROOT_CLASS = YES_ERROR;
				CLANG_WARN_QUOTED_INCLUDE_IN_FRAMEWORK_HEADER = YES;
				CLANG_WARN_RANGE_LOOP_ANALYSIS = YES;
				CLANG_WARN_STRICT_PROTOTYPES = YES;
				CLANG_WARN_SUSPICIOUS_MOVE = YES;
				CLANG_WARN_UNGUARDED_AVAILABILITY = YES_AGGRESSIVE;
				CLANG_WARN_UNREACHABLE_CODE = YES;
				CLANG_WARN__DUPLICATE_METHOD_MATCH = YES;
				COPY_PHASE_STRIP = NO;
				DEBUG_INFORMATION_FORMAT = dwarf;
				ENABLE_STRICT_OBJC_MSGSEND = YES;
				ENABLE_TESTABILITY = YES;
				GCC_C_LANGUAGE_STANDARD = gnu11;
				GCC_DYNAMIC_NO_PIC = NO;
				GCC_NO_COMMON_BLOCKS = YES;
				GCC_OPTIMIZATION_LEVEL = 0;
				GCC_PREPROCESSOR_DEFINITIONS = (
					"DEBUG=1",
					"$(inherited)",
				);
				GCC_WARN_64_TO_32_BIT_CONVERSION = YES;
				GCC_WARN_ABOUT_RETURN_TYPE = YES_ERROR;
				GCC_WARN_UNDECLARED_SELECTOR = YES;
				GCC_WARN_UNINITIALIZED_AUTOS = YES_AGGRESSIVE;
				GCC_WARN_UNUSED_FUNCTION = YES;
				GCC_WARN_UNUSED_VARIABLE = YES;
				MACOSX_DEPLOYMENT_TARGET = 11.1;
				MTL_ENABLE_DEBUG_INFO = INCLUDE_SOURCE;
				MTL_FAST_MATH = YES;
				ONLY_ACTIVE_ARCH = YES;
				SDKROOT = macosx;
				SWIFT_ACTIVE_COMPILATION_CONDITIONS = DEBUG;
				SWIFT_OPTIMIZATION_LEVEL = "-Onone";
			};
			name = Debug;
		};
		FA85792A25BEB4EA00223DB9 /* Release */ = {
			isa = XCBuildConfiguration;
			buildSettings = {
				ALWAYS_SEARCH_USER_PATHS = NO;
				CLANG_ANALYZER_NONNULL = YES;
				CLANG_ANALYZER_NUMBER_OBJECT_CONVERSION = YES_AGGRESSIVE;
				CLANG_CXX_LANGUAGE_STANDARD = "gnu++14";
				CLANG_CXX_LIBRARY = "libc++";
				CLANG_ENABLE_MODULES = YES;
				CLANG_ENABLE_OBJC_ARC = YES;
				CLANG_ENABLE_OBJC_WEAK = YES;
				CLANG_WARN_BLOCK_CAPTURE_AUTORELEASING = YES;
				CLANG_WARN_BOOL_CONVERSION = YES;
				CLANG_WARN_COMMA = YES;
				CLANG_WARN_CONSTANT_CONVERSION = YES;
				CLANG_WARN_DEPRECATED_OBJC_IMPLEMENTATIONS = YES;
				CLANG_WARN_DIRECT_OBJC_ISA_USAGE = YES_ERROR;
				CLANG_WARN_DOCUMENTATION_COMMENTS = YES;
				CLANG_WARN_EMPTY_BODY = YES;
				CLANG_WARN_ENUM_CONVERSION = YES;
				CLANG_WARN_INFINITE_RECURSION = YES;
				CLANG_WARN_INT_CONVERSION = YES;
				CLANG_WARN_NON_LITERAL_NULL_CONVERSION = YES;
				CLANG_WARN_OBJC_IMPLICIT_RETAIN_SELF = YES;
				CLANG_WARN_OBJC_LITERAL_CONVERSION = YES;
				CLANG_WARN_OBJC_ROOT_CLASS = YES_ERROR;
				CLANG_WARN_QUOTED_INCLUDE_IN_FRAMEWORK_HEADER = YES;
				CLANG_WARN_RANGE_LOOP_ANALYSIS = YES;
				CLANG_WARN_STRICT_PROTOTYPES = YES;
				CLANG_WARN_SUSPICIOUS_MOVE = YES;
				CLANG_WARN_UNGUARDED_AVAILABILITY = YES_AGGRESSIVE;
				CLANG_WARN_UNREACHABLE_CODE = YES;
				CLANG_WARN__DUPLICATE_METHOD_MATCH = YES;
				COPY_PHASE_STRIP = NO;
				DEBUG_INFORMATION_FORMAT = "dwarf-with-dsym";
				ENABLE_NS_ASSERTIONS = NO;
				ENABLE_STRICT_OBJC_MSGSEND = YES;
				GCC_C_LANGUAGE_STANDARD = gnu11;
				GCC_NO_COMMON_BLOCKS = YES;
				GCC_WARN_64_TO_32_BIT_CONVERSION = YES;
				GCC_WARN_ABOUT_RETURN_TYPE = YES_ERROR;
				GCC_WARN_UNDECLARED_SELECTOR = YES;
				GCC_WARN_UNINITIALIZED_AUTOS = YES_AGGRESSIVE;
				GCC_WARN_UNUSED_FUNCTION = YES;
				GCC_WARN_UNUSED_VARIABLE = YES;
				MACOSX_DEPLOYMENT_TARGET = 11.1;
				MTL_ENABLE_DEBUG_INFO = NO;
				MTL_FAST_MATH = YES;
				SDKROOT = macosx;
				SWIFT_COMPILATION_MODE = wholemodule;
				SWIFT_OPTIMIZATION_LEVEL = "-O";
			};
			name = Release;
		};
		FA85792C25BEB4EA00223DB9 /* Debug */ = {
			isa = XCBuildConfiguration;
			buildSettings = {
				ASSETCATALOG_COMPILER_APPICON_NAME = AppIcon;
				ASSETCATALOG_COMPILER_GLOBAL_ACCENT_COLOR_NAME = AccentColor;
				CODE_SIGN_ENTITLEMENTS = Quickfeed/Quickfeed.entitlements;
				CODE_SIGN_STYLE = Automatic;
				COMBINE_HIDPI_IMAGES = YES;
				DEVELOPMENT_ASSET_PATHS = "\"Quickfeed/Preview Content\"";
				ENABLE_PREVIEWS = YES;
				INFOPLIST_FILE = Quickfeed/Info.plist;
				LD_RUNPATH_SEARCH_PATHS = (
					"$(inherited)",
					"@executable_path/../Frameworks",
				);
				MACOSX_DEPLOYMENT_TARGET = 11.0;
				PRODUCT_BUNDLE_IDENTIFIER = gjolga.Quickfeed;
				PRODUCT_NAME = "$(TARGET_NAME)";
				SWIFT_VERSION = 5.0;
			};
			name = Debug;
		};
		FA85792D25BEB4EA00223DB9 /* Release */ = {
			isa = XCBuildConfiguration;
			buildSettings = {
				ASSETCATALOG_COMPILER_APPICON_NAME = AppIcon;
				ASSETCATALOG_COMPILER_GLOBAL_ACCENT_COLOR_NAME = AccentColor;
				CODE_SIGN_ENTITLEMENTS = Quickfeed/Quickfeed.entitlements;
				CODE_SIGN_STYLE = Automatic;
				COMBINE_HIDPI_IMAGES = YES;
				DEVELOPMENT_ASSET_PATHS = "\"Quickfeed/Preview Content\"";
				ENABLE_PREVIEWS = YES;
				INFOPLIST_FILE = Quickfeed/Info.plist;
				LD_RUNPATH_SEARCH_PATHS = (
					"$(inherited)",
					"@executable_path/../Frameworks",
				);
				MACOSX_DEPLOYMENT_TARGET = 11.0;
				PRODUCT_BUNDLE_IDENTIFIER = gjolga.Quickfeed;
				PRODUCT_NAME = "$(TARGET_NAME)";
				SWIFT_VERSION = 5.0;
			};
			name = Release;
		};
		FA85792F25BEB4EA00223DB9 /* Debug */ = {
			isa = XCBuildConfiguration;
			buildSettings = {
				ALWAYS_EMBED_SWIFT_STANDARD_LIBRARIES = YES;
				BUNDLE_LOADER = "$(TEST_HOST)";
				CODE_SIGN_STYLE = Automatic;
				COMBINE_HIDPI_IMAGES = YES;
				INFOPLIST_FILE = QuickfeedTests/Info.plist;
				LD_RUNPATH_SEARCH_PATHS = (
					"$(inherited)",
					"@executable_path/../Frameworks",
					"@loader_path/../Frameworks",
				);
				MACOSX_DEPLOYMENT_TARGET = 11.0;
				PRODUCT_BUNDLE_IDENTIFIER = gjolga.QuickfeedTests;
				PRODUCT_NAME = "$(TARGET_NAME)";
				SWIFT_VERSION = 5.0;
				TEST_HOST = "$(BUILT_PRODUCTS_DIR)/Quickfeed.app/Contents/MacOS/Quickfeed";
			};
			name = Debug;
		};
		FA85793025BEB4EA00223DB9 /* Release */ = {
			isa = XCBuildConfiguration;
			buildSettings = {
				ALWAYS_EMBED_SWIFT_STANDARD_LIBRARIES = YES;
				BUNDLE_LOADER = "$(TEST_HOST)";
				CODE_SIGN_STYLE = Automatic;
				COMBINE_HIDPI_IMAGES = YES;
				INFOPLIST_FILE = QuickfeedTests/Info.plist;
				LD_RUNPATH_SEARCH_PATHS = (
					"$(inherited)",
					"@executable_path/../Frameworks",
					"@loader_path/../Frameworks",
				);
				MACOSX_DEPLOYMENT_TARGET = 11.0;
				PRODUCT_BUNDLE_IDENTIFIER = gjolga.QuickfeedTests;
				PRODUCT_NAME = "$(TARGET_NAME)";
				SWIFT_VERSION = 5.0;
				TEST_HOST = "$(BUILT_PRODUCTS_DIR)/Quickfeed.app/Contents/MacOS/Quickfeed";
			};
			name = Release;
		};
		FA85793225BEB4EA00223DB9 /* Debug */ = {
			isa = XCBuildConfiguration;
			buildSettings = {
				ALWAYS_EMBED_SWIFT_STANDARD_LIBRARIES = YES;
				CODE_SIGN_STYLE = Automatic;
				COMBINE_HIDPI_IMAGES = YES;
				INFOPLIST_FILE = QuickfeedUITests/Info.plist;
				LD_RUNPATH_SEARCH_PATHS = (
					"$(inherited)",
					"@executable_path/../Frameworks",
					"@loader_path/../Frameworks",
				);
				PRODUCT_BUNDLE_IDENTIFIER = gjolga.QuickfeedUITests;
				PRODUCT_NAME = "$(TARGET_NAME)";
				SWIFT_VERSION = 5.0;
				TEST_TARGET_NAME = Quickfeed;
			};
			name = Debug;
		};
		FA85793325BEB4EA00223DB9 /* Release */ = {
			isa = XCBuildConfiguration;
			buildSettings = {
				ALWAYS_EMBED_SWIFT_STANDARD_LIBRARIES = YES;
				CODE_SIGN_STYLE = Automatic;
				COMBINE_HIDPI_IMAGES = YES;
				INFOPLIST_FILE = QuickfeedUITests/Info.plist;
				LD_RUNPATH_SEARCH_PATHS = (
					"$(inherited)",
					"@executable_path/../Frameworks",
					"@loader_path/../Frameworks",
				);
				PRODUCT_BUNDLE_IDENTIFIER = gjolga.QuickfeedUITests;
				PRODUCT_NAME = "$(TARGET_NAME)";
				SWIFT_VERSION = 5.0;
				TEST_TARGET_NAME = Quickfeed;
			};
			name = Release;
		};
/* End XCBuildConfiguration section */

/* Begin XCConfigurationList section */
		FA85790025BEB4E900223DB9 /* Build configuration list for PBXProject "Quickfeed" */ = {
			isa = XCConfigurationList;
			buildConfigurations = (
				FA85792925BEB4EA00223DB9 /* Debug */,
				FA85792A25BEB4EA00223DB9 /* Release */,
			);
			defaultConfigurationIsVisible = 0;
			defaultConfigurationName = Release;
		};
		FA85792B25BEB4EA00223DB9 /* Build configuration list for PBXNativeTarget "Quickfeed" */ = {
			isa = XCConfigurationList;
			buildConfigurations = (
				FA85792C25BEB4EA00223DB9 /* Debug */,
				FA85792D25BEB4EA00223DB9 /* Release */,
			);
			defaultConfigurationIsVisible = 0;
			defaultConfigurationName = Release;
		};
		FA85792E25BEB4EA00223DB9 /* Build configuration list for PBXNativeTarget "QuickfeedTests" */ = {
			isa = XCConfigurationList;
			buildConfigurations = (
				FA85792F25BEB4EA00223DB9 /* Debug */,
				FA85793025BEB4EA00223DB9 /* Release */,
			);
			defaultConfigurationIsVisible = 0;
			defaultConfigurationName = Release;
		};
		FA85793125BEB4EA00223DB9 /* Build configuration list for PBXNativeTarget "QuickfeedUITests" */ = {
			isa = XCConfigurationList;
			buildConfigurations = (
				FA85793225BEB4EA00223DB9 /* Debug */,
				FA85793325BEB4EA00223DB9 /* Release */,
			);
			defaultConfigurationIsVisible = 0;
			defaultConfigurationName = Release;
		};
/* End XCConfigurationList section */

/* Begin XCRemoteSwiftPackageReference section */
		D0F9FC6125BEB9A90080A1F2 /* XCRemoteSwiftPackageReference "grpc-swift" */ = {
			isa = XCRemoteSwiftPackageReference;
			repositoryURL = "https://github.com/grpc/grpc-swift";
			requirement = {
				kind = upToNextMajorVersion;
				minimumVersion = "1.0.0-alpha.23";
			};
		};
/* End XCRemoteSwiftPackageReference section */

/* Begin XCSwiftPackageProductDependency section */
		D0F9FC6225BEB9A90080A1F2 /* GRPC */ = {
			isa = XCSwiftPackageProductDependency;
			package = D0F9FC6125BEB9A90080A1F2 /* XCRemoteSwiftPackageReference "grpc-swift" */;
			productName = GRPC;
		};
		D0F9FC6425BEB9A90080A1F2 /* CGRPCZlib */ = {
			isa = XCSwiftPackageProductDependency;
			package = D0F9FC6125BEB9A90080A1F2 /* XCRemoteSwiftPackageReference "grpc-swift" */;
			productName = CGRPCZlib;
		};
		FAB0667225CABF6E00FFE8EB /* CGRPCZlib */ = {
			isa = XCSwiftPackageProductDependency;
			package = D0F9FC6125BEB9A90080A1F2 /* XCRemoteSwiftPackageReference "grpc-swift" */;
			productName = CGRPCZlib;
		};
		FAB0667425CABF7200FFE8EB /* GRPC */ = {
			isa = XCSwiftPackageProductDependency;
			package = D0F9FC6125BEB9A90080A1F2 /* XCRemoteSwiftPackageReference "grpc-swift" */;
			productName = GRPC;
		};
/* End XCSwiftPackageProductDependency section */
	};
	rootObject = FA8578FD25BEB4E900223DB9 /* Project object */;
}
