// !$*UTF8*$!
{
	archiveVersion = 1;
	classes = {
	};
	objectVersion = 52;
	objects = {

/* Begin PBXBuildFile section */
		D0005CC125E4EF2A00EDECD1 /* GitHubManager.swift in Sources */ = {isa = PBXBuildFile; fileRef = D0005CC025E4EF2A00EDECD1 /* GitHubManager.swift */; };
		D0005CC625E4EF8E00EDECD1 /* GitHubLogIn.swift in Sources */ = {isa = PBXBuildFile; fileRef = D0005CC525E4EF8E00EDECD1 /* GitHubLogIn.swift */; };
		D01B3CD225C2D76900B126FB /* GRPCManager.swift in Sources */ = {isa = PBXBuildFile; fileRef = D01B3CD125C2D76900B126FB /* GRPCManager.swift */; };
		D035C75825E92795005AC2BA /* NavigatorView.swift in Sources */ = {isa = PBXBuildFile; fileRef = D035C75725E92795005AC2BA /* NavigatorView.swift */; };
		D03EF9CF25F0277A008869CA /* AutoGraded.swift in Sources */ = {isa = PBXBuildFile; fileRef = D03EF9CE25F0277A008869CA /* AutoGraded.swift */; };
		D03EF9D425F027A2008869CA /* ManuallyGraded.swift in Sources */ = {isa = PBXBuildFile; fileRef = D03EF9D325F027A2008869CA /* ManuallyGraded.swift */; };
		D04331D326028CD60034C4B9 /* AdminViewModel.swift in Sources */ = {isa = PBXBuildFile; fileRef = D04331D226028CD60034C4B9 /* AdminViewModel.swift */; };
		D04331D926028ECD0034C4B9 /* AdminUsers.swift in Sources */ = {isa = PBXBuildFile; fileRef = D04331D826028ECD0034C4B9 /* AdminUsers.swift */; };
		D04331E12602A5750034C4B9 /* AdminCourses.swift in Sources */ = {isa = PBXBuildFile; fileRef = D04331E02602A5750034C4B9 /* AdminCourses.swift */; };
		D04331E62602B35C0034C4B9 /* HelpFunctions.swift in Sources */ = {isa = PBXBuildFile; fileRef = D04331E52602B35C0034C4B9 /* HelpFunctions.swift */; };
		D04331EB2602B9FF0034C4B9 /* Admin.swift in Sources */ = {isa = PBXBuildFile; fileRef = D04331EA2602B9FF0034C4B9 /* Admin.swift */; };
		D04B46EC25D1301200AC8926 /* LabSection.swift in Sources */ = {isa = PBXBuildFile; fileRef = D04B46EB25D1301200AC8926 /* LabSection.swift */; };
		D04B46FD25D1696D00AC8926 /* LabInfo.swift in Sources */ = {isa = PBXBuildFile; fileRef = D04B46FC25D1696D00AC8926 /* LabInfo.swift */; };
		D04B470225D1741300AC8926 /* StudentLab.swift in Sources */ = {isa = PBXBuildFile; fileRef = D04B470125D1741300AC8926 /* StudentLab.swift */; };
		D04B470A25D29B7300AC8926 /* JSON.swift in Sources */ = {isa = PBXBuildFile; fileRef = D04B470925D29B7300AC8926 /* JSON.swift */; };
		D06024B125DD23D4009390A1 /* LabTests.swift in Sources */ = {isa = PBXBuildFile; fileRef = D06024B025DD23D4009390A1 /* LabTests.swift */; };
		D06A115D25ECE1A4004B0047 /* UserViewModel.swift in Sources */ = {isa = PBXBuildFile; fileRef = D06A115C25ECE1A4004B0047 /* UserViewModel.swift */; };
		D06D9AD325F638AE0016BD59 /* UserProfile.swift in Sources */ = {isa = PBXBuildFile; fileRef = D06D9AD225F638AE0016BD59 /* UserProfile.swift */; };
		D083089E260385AA005A1FF0 /* AllCourses.swift in Sources */ = {isa = PBXBuildFile; fileRef = D083089D260385AA005A1FF0 /* AllCourses.swift */; };
		D08308A6260385C2005A1FF0 /* NewOrEditCourse.swift in Sources */ = {isa = PBXBuildFile; fileRef = D08308A5260385C2005A1FF0 /* NewOrEditCourse.swift */; };
		D08A3C1026278B0A00A6E626 /* NewUserProfile.swift in Sources */ = {isa = PBXBuildFile; fileRef = D08A3C0F26278B0A00A6E626 /* NewUserProfile.swift */; };
		D08BA18525FA3B2F008A3F6D /* ReviewPicker.swift in Sources */ = {isa = PBXBuildFile; fileRef = D08BA18425FA3B2F008A3F6D /* ReviewPicker.swift */; };
		D08BA18A25FA4875008A3F6D /* SubmissionScore.swift in Sources */ = {isa = PBXBuildFile; fileRef = D08BA18925FA4875008A3F6D /* SubmissionScore.swift */; };
		D08D62962611D72A00343250 /* LogIn.swift in Sources */ = {isa = PBXBuildFile; fileRef = D08D62952611D72A00343250 /* LogIn.swift */; };
		D08D62A12611DEB200343250 /* NewUser.swift in Sources */ = {isa = PBXBuildFile; fileRef = D08D62A02611DEB200343250 /* NewUser.swift */; };
		D0A6FCB925CA0A8A008C546B /* StudentNavigatorView.swift in Sources */ = {isa = PBXBuildFile; fileRef = D0A6FCB825CA0A8A008C546B /* StudentNavigatorView.swift */; };
		D0A8499D263232E800EC0E2F /* CourseFields.swift in Sources */ = {isa = PBXBuildFile; fileRef = D0A8499C263232E800EC0E2F /* CourseFields.swift */; };
		D0F6A13C2609DD5000C1D825 /* RemoteImage.swift in Sources */ = {isa = PBXBuildFile; fileRef = D0F6A13B2609DD5000C1D825 /* RemoteImage.swift */; };
		D0F6A1462609F25500C1D825 /* UserInformation.swift in Sources */ = {isa = PBXBuildFile; fileRef = D0F6A1452609F25500C1D825 /* UserInformation.swift */; };
		D0F6A14E2609F54300C1D825 /* UserEnrollments.swift in Sources */ = {isa = PBXBuildFile; fileRef = D0F6A14D2609F54300C1D825 /* UserEnrollments.swift */; };
		D0F9FC6325BEB9A90080A1F2 /* GRPC in Frameworks */ = {isa = PBXBuildFile; productRef = D0F9FC6225BEB9A90080A1F2 /* GRPC */; };
		D0F9FC6525BEB9A90080A1F2 /* CGRPCZlib in Frameworks */ = {isa = PBXBuildFile; productRef = D0F9FC6425BEB9A90080A1F2 /* CGRPCZlib */; };
		D0F9FC6F25BEBC360080A1F2 /* ag.pb.swift in Sources */ = {isa = PBXBuildFile; fileRef = D0F9FC6D25BEBC360080A1F2 /* ag.pb.swift */; };
		D0F9FC7025BEBC360080A1F2 /* ag.grpc.swift in Sources */ = {isa = PBXBuildFile; fileRef = D0F9FC6E25BEBC360080A1F2 /* ag.grpc.swift */; };
		FA17B95525EF7D6F008BB07F /* SubmissionReview.swift in Sources */ = {isa = PBXBuildFile; fileRef = FA17B95425EF7D6F008BB07F /* SubmissionReview.swift */; };
		FA17B95D25EF81F1008BB07F /* TranslateStatus.swift in Sources */ = {isa = PBXBuildFile; fileRef = FA17B95C25EF81F1008BB07F /* TranslateStatus.swift */; };
		FA17B96225EF90E6008BB07F /* SubmissionInfo.swift in Sources */ = {isa = PBXBuildFile; fileRef = FA17B96125EF90E6008BB07F /* SubmissionInfo.swift */; };
		FA17B97025EFD30F008BB07F /* ResultGridListHeader.swift in Sources */ = {isa = PBXBuildFile; fileRef = FA17B96F25EFD30F008BB07F /* ResultGridListHeader.swift */; };
		FA17B97525EFD40B008BB07F /* MemberListHeader.swift in Sources */ = {isa = PBXBuildFile; fileRef = FA17B97425EFD40B008BB07F /* MemberListHeader.swift */; };
		FA17B98E25F2510D008BB07F /* CriterionStatusControl.swift in Sources */ = {isa = PBXBuildFile; fileRef = FA17B98D25F2510C008BB07F /* CriterionStatusControl.swift */; };
		FA17B99325F258FA008BB07F /* GradingCriterionListItem.swift in Sources */ = {isa = PBXBuildFile; fileRef = FA17B99225F258FA008BB07F /* GradingCriterionListItem.swift */; };
		FA17B99B25F2630B008BB07F /* GradingBenchmarkSection.swift in Sources */ = {isa = PBXBuildFile; fileRef = FA17B99A25F2630B008BB07F /* GradingBenchmarkSection.swift */; };
		FA17D897264C2A1A00C4CC23 /* ReviewSheet.swift in Sources */ = {isa = PBXBuildFile; fileRef = FA17D896264C2A1A00C4CC23 /* ReviewSheet.swift */; };
		FA29711F25D04CF2000C99A1 /* GithubLinkSection.swift in Sources */ = {isa = PBXBuildFile; fileRef = FA29711E25D04CF2000C99A1 /* GithubLinkSection.swift */; };
		FA29716E25D28E45000C99A1 /* LabPicker.swift in Sources */ = {isa = PBXBuildFile; fileRef = FA29716D25D28E45000C99A1 /* LabPicker.swift */; };
		FA29717325D303E0000C99A1 /* SearchField.swift in Sources */ = {isa = PBXBuildFile; fileRef = FA29717225D303E0000C99A1 /* SearchField.swift */; };
		FA29717825D311B5000C99A1 /* SearchFieldController.swift in Sources */ = {isa = PBXBuildFile; fileRef = FA29717725D311B5000C99A1 /* SearchFieldController.swift */; };
		FA39C856263963CF00906EB4 /* GradingBenchmarkList.swift in Sources */ = {isa = PBXBuildFile; fileRef = FA39C855263963CF00906EB4 /* GradingBenchmarkList.swift */; };
		FA39C85E26396A7A00906EB4 /* CreateReview.swift in Sources */ = {isa = PBXBuildFile; fileRef = FA39C85D26396A7A00906EB4 /* CreateReview.swift */; };
		FA4A88A02600D3A700A21CDA /* GroupsView.swift in Sources */ = {isa = PBXBuildFile; fileRef = FA4A889F2600D3A700A21CDA /* GroupsView.swift */; };
		FA4A88B32603687900A21CDA /* GroupListHeader.swift in Sources */ = {isa = PBXBuildFile; fileRef = FA4A88B22603687900A21CDA /* GroupListHeader.swift */; };
		FA4A88B82603688800A21CDA /* GroupListItem.swift in Sources */ = {isa = PBXBuildFile; fileRef = FA4A88B72603688800A21CDA /* GroupListItem.swift */; };
		FA5A40E62609DCA700A20A13 /* SelectedMembers.swift in Sources */ = {isa = PBXBuildFile; fileRef = FA5A40E52609DCA700A20A13 /* SelectedMembers.swift */; };
		FA5A40EB2609F5C000A20A13 /* TranslateError.swift in Sources */ = {isa = PBXBuildFile; fileRef = FA5A40EA2609F5C000A20A13 /* TranslateError.swift */; };
		FA5A4113260B56C000A20A13 /* ResultStats.swift in Sources */ = {isa = PBXBuildFile; fileRef = FA5A4112260B56C000A20A13 /* ResultStats.swift */; };
		FA5FBDE225E7E63E007EC0E3 /* ServerProvider.swift in Sources */ = {isa = PBXBuildFile; fileRef = FA5FBDE125E7E63E007EC0E3 /* ServerProvider.swift */; };
		FA6C3EB125D45E4500D8A798 /* SubmissionListItem.swift in Sources */ = {isa = PBXBuildFile; fileRef = FA6C3EB025D45E4500D8A798 /* SubmissionListItem.swift */; };
		FA85790925BEB4E900223DB9 /* QuickfeedApp.swift in Sources */ = {isa = PBXBuildFile; fileRef = FA85790825BEB4E900223DB9 /* QuickfeedApp.swift */; };
		FA85790B25BEB4E900223DB9 /* ContentView.swift in Sources */ = {isa = PBXBuildFile; fileRef = FA85790A25BEB4E900223DB9 /* ContentView.swift */; };
		FA85790D25BEB4EA00223DB9 /* Assets.xcassets in Resources */ = {isa = PBXBuildFile; fileRef = FA85790C25BEB4EA00223DB9 /* Assets.xcassets */; };
		FA85791025BEB4EA00223DB9 /* Preview Assets.xcassets in Resources */ = {isa = PBXBuildFile; fileRef = FA85790F25BEB4EA00223DB9 /* Preview Assets.xcassets */; };
		FA8EA69C26038F5D00A10351 /* AddGroupForm.swift in Sources */ = {isa = PBXBuildFile; fileRef = FA8EA69B26038F5D00A10351 /* AddGroupForm.swift */; };
		FA8EA6A126039B0D00A10351 /* GroupList.swift in Sources */ = {isa = PBXBuildFile; fileRef = FA8EA6A026039B0D00A10351 /* GroupList.swift */; };
		FA9DC66A2644548D007F1A24 /* ReviewListHeader.swift in Sources */ = {isa = PBXBuildFile; fileRef = FA9DC6692644548D007F1A24 /* ReviewListHeader.swift */; };
		FAA5DA36262EC643009DAEDE /* GradingBenchmarkHeader.swift in Sources */ = {isa = PBXBuildFile; fileRef = FAA5DA35262EC643009DAEDE /* GradingBenchmarkHeader.swift */; };
		FAA798B5262D6C82005E2713 /* AssignmentView.swift in Sources */ = {isa = PBXBuildFile; fileRef = FAA798B4262D6C82005E2713 /* AssignmentView.swift */; };
		FAA798BA262D71D4005E2713 /* GradingCriterionView.swift in Sources */ = {isa = PBXBuildFile; fileRef = FAA798B9262D71D4005E2713 /* GradingCriterionView.swift */; };
		FAA798C5262DB217005E2713 /* SubmissionRepoLink.swift in Sources */ = {isa = PBXBuildFile; fileRef = FAA798C4262DB217005E2713 /* SubmissionRepoLink.swift */; };
		FAA8330525E3E073008C05F4 /* MemberListItem.swift in Sources */ = {isa = PBXBuildFile; fileRef = FAA8330425E3E073008C05F4 /* MemberListItem.swift */; };
		FAA8331325E4EF92008C05F4 /* CoursePicker.swift in Sources */ = {isa = PBXBuildFile; fileRef = FA44BC1725CDE4FB00FDB9A2 /* CoursePicker.swift */; };
		FAA8332C25E4F19E008C05F4 /* TeacherNavigationView.swift in Sources */ = {isa = PBXBuildFile; fileRef = FAB0671C25CACF8700FFE8EB /* TeacherNavigationView.swift */; };
		FAA8333025E4F1BD008C05F4 /* TeacherViewModel.swift in Sources */ = {isa = PBXBuildFile; fileRef = FAB0670425CAC8BC00FFE8EB /* TeacherViewModel.swift */; };
		FAA8333425E4F1D0008C05F4 /* ReviewList.swift in Sources */ = {isa = PBXBuildFile; fileRef = FA29712F25D05208000C99A1 /* ReviewList.swift */; };
		FAA8333925E502F2008C05F4 /* ResultView.swift in Sources */ = {isa = PBXBuildFile; fileRef = FAA8333825E502F2008C05F4 /* ResultView.swift */; };
		FAA8333E25E519E2008C05F4 /* ResultGrid.swift in Sources */ = {isa = PBXBuildFile; fileRef = FAA8333D25E519E2008C05F4 /* ResultGrid.swift */; };
		FAA8334E25E5259B008C05F4 /* ResultListItem.swift in Sources */ = {isa = PBXBuildFile; fileRef = FAA8334D25E5259B008C05F4 /* ResultListItem.swift */; };
		FAA8335325E52E3A008C05F4 /* SubmissionResult.swift in Sources */ = {isa = PBXBuildFile; fileRef = FAA8335225E52E3A008C05F4 /* SubmissionResult.swift */; };
		FAB066B025CAC0F000FFE8EB /* ProviderProtocol.swift in Sources */ = {isa = PBXBuildFile; fileRef = FAB066AF25CAC0F000FFE8EB /* ProviderProtocol.swift */; };
		FAB066FB25CAC89B00FFE8EB /* StudentViewModel.swift in Sources */ = {isa = PBXBuildFile; fileRef = FAB066FA25CAC89B00FFE8EB /* StudentViewModel.swift */; };
		FAB0670C25CAC8D600FFE8EB /* UserViewModelProtocol.swift in Sources */ = {isa = PBXBuildFile; fileRef = FAB0670B25CAC8D600FFE8EB /* UserViewModelProtocol.swift */; };
		FABB233E25DBD91B00317969 /* MemberList.swift in Sources */ = {isa = PBXBuildFile; fileRef = FABB233D25DBD91B00317969 /* MemberList.swift */; };
		FAE71C96262CCE9900856FF5 /* AssignmentsView.swift in Sources */ = {isa = PBXBuildFile; fileRef = FAE71C95262CCE9900856FF5 /* AssignmentsView.swift */; };
		FAF0C54E2608AA46005A8B66 /* ReleaseNavigationView.swift in Sources */ = {isa = PBXBuildFile; fileRef = FAF0C5332608A592005A8B66 /* ReleaseNavigationView.swift */; };
		FAF1329C262087A000795869 /* SwiftUIX in Frameworks */ = {isa = PBXBuildFile; productRef = FAF1329B262087A000795869 /* SwiftUIX */; settings = {ATTRIBUTES = (Weak, ); }; };
		FAF132A52622F31A00795869 /* ReviewListSection.swift in Sources */ = {isa = PBXBuildFile; fileRef = FAF132A42622F31A00795869 /* ReviewListSection.swift */; };
		FAF945B725CC4E3200074A2F /* ProtoExstensions.swift in Sources */ = {isa = PBXBuildFile; fileRef = FAF945B625CC4E3200074A2F /* ProtoExstensions.swift */; };
/* End PBXBuildFile section */

/* Begin PBXFileReference section */
		D0005CC025E4EF2A00EDECD1 /* GitHubManager.swift */ = {isa = PBXFileReference; lastKnownFileType = sourcecode.swift; path = GitHubManager.swift; sourceTree = "<group>"; };
		D0005CC525E4EF8E00EDECD1 /* GitHubLogIn.swift */ = {isa = PBXFileReference; lastKnownFileType = sourcecode.swift; path = GitHubLogIn.swift; sourceTree = "<group>"; };
		D01B3CD125C2D76900B126FB /* GRPCManager.swift */ = {isa = PBXFileReference; fileEncoding = 4; lastKnownFileType = sourcecode.swift; path = GRPCManager.swift; sourceTree = "<group>"; };
		D035C75725E92795005AC2BA /* NavigatorView.swift */ = {isa = PBXFileReference; lastKnownFileType = sourcecode.swift; path = NavigatorView.swift; sourceTree = "<group>"; };
		D03EF9CE25F0277A008869CA /* AutoGraded.swift */ = {isa = PBXFileReference; lastKnownFileType = sourcecode.swift; path = AutoGraded.swift; sourceTree = "<group>"; };
		D03EF9D325F027A2008869CA /* ManuallyGraded.swift */ = {isa = PBXFileReference; lastKnownFileType = sourcecode.swift; path = ManuallyGraded.swift; sourceTree = "<group>"; };
		D04331D226028CD60034C4B9 /* AdminViewModel.swift */ = {isa = PBXFileReference; lastKnownFileType = sourcecode.swift; path = AdminViewModel.swift; sourceTree = "<group>"; };
		D04331D826028ECD0034C4B9 /* AdminUsers.swift */ = {isa = PBXFileReference; lastKnownFileType = sourcecode.swift; path = AdminUsers.swift; sourceTree = "<group>"; };
		D04331E02602A5750034C4B9 /* AdminCourses.swift */ = {isa = PBXFileReference; lastKnownFileType = sourcecode.swift; path = AdminCourses.swift; sourceTree = "<group>"; };
		D04331E52602B35C0034C4B9 /* HelpFunctions.swift */ = {isa = PBXFileReference; lastKnownFileType = sourcecode.swift; path = HelpFunctions.swift; sourceTree = "<group>"; };
		D04331EA2602B9FF0034C4B9 /* Admin.swift */ = {isa = PBXFileReference; lastKnownFileType = sourcecode.swift; path = Admin.swift; sourceTree = "<group>"; };
		D04B46EB25D1301200AC8926 /* LabSection.swift */ = {isa = PBXFileReference; lastKnownFileType = sourcecode.swift; path = LabSection.swift; sourceTree = "<group>"; };
		D04B46FC25D1696D00AC8926 /* LabInfo.swift */ = {isa = PBXFileReference; lastKnownFileType = sourcecode.swift; path = LabInfo.swift; sourceTree = "<group>"; };
		D04B470125D1741300AC8926 /* StudentLab.swift */ = {isa = PBXFileReference; lastKnownFileType = sourcecode.swift; path = StudentLab.swift; sourceTree = "<group>"; };
		D04B470925D29B7300AC8926 /* JSON.swift */ = {isa = PBXFileReference; lastKnownFileType = sourcecode.swift; path = JSON.swift; sourceTree = "<group>"; };
		D06024B025DD23D4009390A1 /* LabTests.swift */ = {isa = PBXFileReference; lastKnownFileType = sourcecode.swift; path = LabTests.swift; sourceTree = "<group>"; };
		D06A115C25ECE1A4004B0047 /* UserViewModel.swift */ = {isa = PBXFileReference; lastKnownFileType = sourcecode.swift; path = UserViewModel.swift; sourceTree = "<group>"; };
		D06D9AD225F638AE0016BD59 /* UserProfile.swift */ = {isa = PBXFileReference; lastKnownFileType = sourcecode.swift; path = UserProfile.swift; sourceTree = "<group>"; };
		D083089D260385AA005A1FF0 /* AllCourses.swift */ = {isa = PBXFileReference; lastKnownFileType = sourcecode.swift; path = AllCourses.swift; sourceTree = "<group>"; };
		D08308A5260385C2005A1FF0 /* NewOrEditCourse.swift */ = {isa = PBXFileReference; lastKnownFileType = sourcecode.swift; path = NewOrEditCourse.swift; sourceTree = "<group>"; };
		D08A3C0F26278B0A00A6E626 /* NewUserProfile.swift */ = {isa = PBXFileReference; lastKnownFileType = sourcecode.swift; path = NewUserProfile.swift; sourceTree = "<group>"; };
		D08BA18425FA3B2F008A3F6D /* ReviewPicker.swift */ = {isa = PBXFileReference; lastKnownFileType = sourcecode.swift; path = ReviewPicker.swift; sourceTree = "<group>"; };
		D08BA18925FA4875008A3F6D /* SubmissionScore.swift */ = {isa = PBXFileReference; lastKnownFileType = sourcecode.swift; path = SubmissionScore.swift; sourceTree = "<group>"; };
		D08D62952611D72A00343250 /* LogIn.swift */ = {isa = PBXFileReference; lastKnownFileType = sourcecode.swift; path = LogIn.swift; sourceTree = "<group>"; };
		D08D62A02611DEB200343250 /* NewUser.swift */ = {isa = PBXFileReference; lastKnownFileType = sourcecode.swift; path = NewUser.swift; sourceTree = "<group>"; };
		D0A6FCB825CA0A8A008C546B /* StudentNavigatorView.swift */ = {isa = PBXFileReference; lastKnownFileType = sourcecode.swift; path = StudentNavigatorView.swift; sourceTree = "<group>"; };
		D0A8499C263232E800EC0E2F /* CourseFields.swift */ = {isa = PBXFileReference; lastKnownFileType = sourcecode.swift; path = CourseFields.swift; sourceTree = "<group>"; };
		D0F6A13B2609DD5000C1D825 /* RemoteImage.swift */ = {isa = PBXFileReference; lastKnownFileType = sourcecode.swift; path = RemoteImage.swift; sourceTree = "<group>"; };
		D0F6A1452609F25500C1D825 /* UserInformation.swift */ = {isa = PBXFileReference; lastKnownFileType = sourcecode.swift; path = UserInformation.swift; sourceTree = "<group>"; };
		D0F6A14D2609F54300C1D825 /* UserEnrollments.swift */ = {isa = PBXFileReference; lastKnownFileType = sourcecode.swift; path = UserEnrollments.swift; sourceTree = "<group>"; };
		D0F9FC6D25BEBC360080A1F2 /* ag.pb.swift */ = {isa = PBXFileReference; fileEncoding = 4; lastKnownFileType = sourcecode.swift; path = ag.pb.swift; sourceTree = "<group>"; };
		D0F9FC6E25BEBC360080A1F2 /* ag.grpc.swift */ = {isa = PBXFileReference; fileEncoding = 4; lastKnownFileType = sourcecode.swift; path = ag.grpc.swift; sourceTree = "<group>"; };
		FA17B95425EF7D6F008BB07F /* SubmissionReview.swift */ = {isa = PBXFileReference; lastKnownFileType = sourcecode.swift; path = SubmissionReview.swift; sourceTree = "<group>"; };
		FA17B95C25EF81F1008BB07F /* TranslateStatus.swift */ = {isa = PBXFileReference; lastKnownFileType = sourcecode.swift; path = TranslateStatus.swift; sourceTree = "<group>"; };
		FA17B96125EF90E6008BB07F /* SubmissionInfo.swift */ = {isa = PBXFileReference; lastKnownFileType = sourcecode.swift; path = SubmissionInfo.swift; sourceTree = "<group>"; };
		FA17B96F25EFD30F008BB07F /* ResultGridListHeader.swift */ = {isa = PBXFileReference; lastKnownFileType = sourcecode.swift; path = ResultGridListHeader.swift; sourceTree = "<group>"; };
		FA17B97425EFD40B008BB07F /* MemberListHeader.swift */ = {isa = PBXFileReference; lastKnownFileType = sourcecode.swift; path = MemberListHeader.swift; sourceTree = "<group>"; };
		FA17B98D25F2510C008BB07F /* CriterionStatusControl.swift */ = {isa = PBXFileReference; lastKnownFileType = sourcecode.swift; path = CriterionStatusControl.swift; sourceTree = "<group>"; };
		FA17B99225F258FA008BB07F /* GradingCriterionListItem.swift */ = {isa = PBXFileReference; lastKnownFileType = sourcecode.swift; path = GradingCriterionListItem.swift; sourceTree = "<group>"; };
		FA17B99A25F2630B008BB07F /* GradingBenchmarkSection.swift */ = {isa = PBXFileReference; lastKnownFileType = sourcecode.swift; path = GradingBenchmarkSection.swift; sourceTree = "<group>"; };
		FA17D896264C2A1A00C4CC23 /* ReviewSheet.swift */ = {isa = PBXFileReference; lastKnownFileType = sourcecode.swift; path = ReviewSheet.swift; sourceTree = "<group>"; };
		FA29711E25D04CF2000C99A1 /* GithubLinkSection.swift */ = {isa = PBXFileReference; lastKnownFileType = sourcecode.swift; path = GithubLinkSection.swift; sourceTree = "<group>"; };
		FA29712F25D05208000C99A1 /* ReviewList.swift */ = {isa = PBXFileReference; lastKnownFileType = sourcecode.swift; path = ReviewList.swift; sourceTree = "<group>"; };
		FA29716D25D28E45000C99A1 /* LabPicker.swift */ = {isa = PBXFileReference; lastKnownFileType = sourcecode.swift; path = LabPicker.swift; sourceTree = "<group>"; };
		FA29717225D303E0000C99A1 /* SearchField.swift */ = {isa = PBXFileReference; lastKnownFileType = sourcecode.swift; path = SearchField.swift; sourceTree = "<group>"; };
		FA29717725D311B5000C99A1 /* SearchFieldController.swift */ = {isa = PBXFileReference; lastKnownFileType = sourcecode.swift; path = SearchFieldController.swift; sourceTree = "<group>"; };
		FA39C855263963CF00906EB4 /* GradingBenchmarkList.swift */ = {isa = PBXFileReference; lastKnownFileType = sourcecode.swift; path = GradingBenchmarkList.swift; sourceTree = "<group>"; };
		FA39C85D26396A7A00906EB4 /* CreateReview.swift */ = {isa = PBXFileReference; lastKnownFileType = sourcecode.swift; path = CreateReview.swift; sourceTree = "<group>"; };
		FA44BC1725CDE4FB00FDB9A2 /* CoursePicker.swift */ = {isa = PBXFileReference; lastKnownFileType = sourcecode.swift; path = CoursePicker.swift; sourceTree = "<group>"; };
		FA4A889F2600D3A700A21CDA /* GroupsView.swift */ = {isa = PBXFileReference; lastKnownFileType = sourcecode.swift; path = GroupsView.swift; sourceTree = "<group>"; };
		FA4A88B22603687900A21CDA /* GroupListHeader.swift */ = {isa = PBXFileReference; lastKnownFileType = sourcecode.swift; path = GroupListHeader.swift; sourceTree = "<group>"; };
		FA4A88B72603688800A21CDA /* GroupListItem.swift */ = {isa = PBXFileReference; lastKnownFileType = sourcecode.swift; path = GroupListItem.swift; sourceTree = "<group>"; };
		FA5A40E52609DCA700A20A13 /* SelectedMembers.swift */ = {isa = PBXFileReference; lastKnownFileType = sourcecode.swift; path = SelectedMembers.swift; sourceTree = "<group>"; };
		FA5A40EA2609F5C000A20A13 /* TranslateError.swift */ = {isa = PBXFileReference; lastKnownFileType = sourcecode.swift; path = TranslateError.swift; sourceTree = "<group>"; };
		FA5A4112260B56C000A20A13 /* ResultStats.swift */ = {isa = PBXFileReference; lastKnownFileType = sourcecode.swift; path = ResultStats.swift; sourceTree = "<group>"; };
		FA5FBDE125E7E63E007EC0E3 /* ServerProvider.swift */ = {isa = PBXFileReference; lastKnownFileType = sourcecode.swift; path = ServerProvider.swift; sourceTree = "<group>"; };
		FA6C3EB025D45E4500D8A798 /* SubmissionListItem.swift */ = {isa = PBXFileReference; lastKnownFileType = sourcecode.swift; path = SubmissionListItem.swift; sourceTree = "<group>"; };
		FA85790525BEB4E900223DB9 /* Quickfeed.app */ = {isa = PBXFileReference; explicitFileType = wrapper.application; includeInIndex = 0; path = Quickfeed.app; sourceTree = BUILT_PRODUCTS_DIR; };
		FA85790825BEB4E900223DB9 /* QuickfeedApp.swift */ = {isa = PBXFileReference; lastKnownFileType = sourcecode.swift; path = QuickfeedApp.swift; sourceTree = "<group>"; };
		FA85790A25BEB4E900223DB9 /* ContentView.swift */ = {isa = PBXFileReference; lastKnownFileType = sourcecode.swift; path = ContentView.swift; sourceTree = "<group>"; };
		FA85790C25BEB4EA00223DB9 /* Assets.xcassets */ = {isa = PBXFileReference; lastKnownFileType = folder.assetcatalog; path = Assets.xcassets; sourceTree = "<group>"; };
		FA85790F25BEB4EA00223DB9 /* Preview Assets.xcassets */ = {isa = PBXFileReference; lastKnownFileType = folder.assetcatalog; path = "Preview Assets.xcassets"; sourceTree = "<group>"; };
		FA85791125BEB4EA00223DB9 /* Info.plist */ = {isa = PBXFileReference; lastKnownFileType = text.plist.xml; path = Info.plist; sourceTree = "<group>"; };
		FA85791225BEB4EA00223DB9 /* Quickfeed.entitlements */ = {isa = PBXFileReference; lastKnownFileType = text.plist.entitlements; path = Quickfeed.entitlements; sourceTree = "<group>"; };
		FA8EA69B26038F5D00A10351 /* AddGroupForm.swift */ = {isa = PBXFileReference; lastKnownFileType = sourcecode.swift; path = AddGroupForm.swift; sourceTree = "<group>"; };
		FA8EA6A026039B0D00A10351 /* GroupList.swift */ = {isa = PBXFileReference; lastKnownFileType = sourcecode.swift; path = GroupList.swift; sourceTree = "<group>"; };
		FA9DC6692644548D007F1A24 /* ReviewListHeader.swift */ = {isa = PBXFileReference; lastKnownFileType = sourcecode.swift; path = ReviewListHeader.swift; sourceTree = "<group>"; };
		FAA5DA35262EC643009DAEDE /* GradingBenchmarkHeader.swift */ = {isa = PBXFileReference; lastKnownFileType = sourcecode.swift; path = GradingBenchmarkHeader.swift; sourceTree = "<group>"; };
		FAA798B4262D6C82005E2713 /* AssignmentView.swift */ = {isa = PBXFileReference; lastKnownFileType = sourcecode.swift; path = AssignmentView.swift; sourceTree = "<group>"; };
		FAA798B9262D71D4005E2713 /* GradingCriterionView.swift */ = {isa = PBXFileReference; lastKnownFileType = sourcecode.swift; path = GradingCriterionView.swift; sourceTree = "<group>"; };
		FAA798C4262DB217005E2713 /* SubmissionRepoLink.swift */ = {isa = PBXFileReference; lastKnownFileType = sourcecode.swift; path = SubmissionRepoLink.swift; sourceTree = "<group>"; };
		FAA8330425E3E073008C05F4 /* MemberListItem.swift */ = {isa = PBXFileReference; lastKnownFileType = sourcecode.swift; path = MemberListItem.swift; sourceTree = "<group>"; };
		FAA8333825E502F2008C05F4 /* ResultView.swift */ = {isa = PBXFileReference; lastKnownFileType = sourcecode.swift; path = ResultView.swift; sourceTree = "<group>"; };
		FAA8333D25E519E2008C05F4 /* ResultGrid.swift */ = {isa = PBXFileReference; lastKnownFileType = sourcecode.swift; path = ResultGrid.swift; sourceTree = "<group>"; };
		FAA8334D25E5259B008C05F4 /* ResultListItem.swift */ = {isa = PBXFileReference; lastKnownFileType = sourcecode.swift; path = ResultListItem.swift; sourceTree = "<group>"; };
		FAA8335225E52E3A008C05F4 /* SubmissionResult.swift */ = {isa = PBXFileReference; lastKnownFileType = sourcecode.swift; path = SubmissionResult.swift; sourceTree = "<group>"; };
		FAB066AF25CAC0F000FFE8EB /* ProviderProtocol.swift */ = {isa = PBXFileReference; lastKnownFileType = sourcecode.swift; path = ProviderProtocol.swift; sourceTree = "<group>"; };
		FAB066FA25CAC89B00FFE8EB /* StudentViewModel.swift */ = {isa = PBXFileReference; lastKnownFileType = sourcecode.swift; path = StudentViewModel.swift; sourceTree = "<group>"; };
		FAB0670425CAC8BC00FFE8EB /* TeacherViewModel.swift */ = {isa = PBXFileReference; lastKnownFileType = sourcecode.swift; path = TeacherViewModel.swift; sourceTree = "<group>"; };
		FAB0670B25CAC8D600FFE8EB /* UserViewModelProtocol.swift */ = {isa = PBXFileReference; lastKnownFileType = sourcecode.swift; path = UserViewModelProtocol.swift; sourceTree = "<group>"; };
		FAB0671C25CACF8700FFE8EB /* TeacherNavigationView.swift */ = {isa = PBXFileReference; lastKnownFileType = sourcecode.swift; path = TeacherNavigationView.swift; sourceTree = "<group>"; };
		FABB233D25DBD91B00317969 /* MemberList.swift */ = {isa = PBXFileReference; lastKnownFileType = sourcecode.swift; path = MemberList.swift; sourceTree = "<group>"; };
		FAC5365025C0347300784980 /* UserManager.swift */ = {isa = PBXFileReference; lastKnownFileType = sourcecode.swift; path = UserManager.swift; sourceTree = "<group>"; };
		FAE71C95262CCE9900856FF5 /* AssignmentsView.swift */ = {isa = PBXFileReference; lastKnownFileType = sourcecode.swift; path = AssignmentsView.swift; sourceTree = "<group>"; };
		FAF0C5332608A592005A8B66 /* ReleaseNavigationView.swift */ = {isa = PBXFileReference; lastKnownFileType = sourcecode.swift; path = ReleaseNavigationView.swift; sourceTree = "<group>"; };
		FAF132A42622F31A00795869 /* ReviewListSection.swift */ = {isa = PBXFileReference; lastKnownFileType = sourcecode.swift; path = ReviewListSection.swift; sourceTree = "<group>"; };
		FAF945B625CC4E3200074A2F /* ProtoExstensions.swift */ = {isa = PBXFileReference; lastKnownFileType = sourcecode.swift; path = ProtoExstensions.swift; sourceTree = "<group>"; };
/* End PBXFileReference section */

/* Begin PBXFrameworksBuildPhase section */
		FA85790225BEB4E900223DB9 /* Frameworks */ = {
			isa = PBXFrameworksBuildPhase;
			buildActionMask = 2147483647;
			files = (
				FAF1329C262087A000795869 /* SwiftUIX in Frameworks */,
				D0F9FC6325BEB9A90080A1F2 /* GRPC in Frameworks */,
				D0F9FC6525BEB9A90080A1F2 /* CGRPCZlib in Frameworks */,
			);
			runOnlyForDeploymentPostprocessing = 0;
		};
/* End PBXFrameworksBuildPhase section */

/* Begin PBXGroup section */
		D03EF9CD25F02636008869CA /* Helpers */ = {
			isa = PBXGroup;
			children = (
				D03EF9CE25F0277A008869CA /* AutoGraded.swift */,
				D03EF9D325F027A2008869CA /* ManuallyGraded.swift */,
				D08BA18925FA4875008A3F6D /* SubmissionScore.swift */,
			);
			path = Helpers;
			sourceTree = "<group>";
		};
		D04331D726028EAB0034C4B9 /* Admin */ = {
			isa = PBXGroup;
			children = (
				D083089C26038577005A1FF0 /* Courses */,
				D04331D826028ECD0034C4B9 /* AdminUsers.swift */,
				D04331E02602A5750034C4B9 /* AdminCourses.swift */,
				D04331EA2602B9FF0034C4B9 /* Admin.swift */,
			);
			path = Admin;
			sourceTree = "<group>";
		};
		D04B46E125D12E9D00AC8926 /* Student */ = {
			isa = PBXGroup;
			children = (
				D0A6FCB825CA0A8A008C546B /* StudentNavigatorView.swift */,
				D04B470125D1741300AC8926 /* StudentLab.swift */,
				D03EF9CD25F02636008869CA /* Helpers */,
			);
			path = Student;
			sourceTree = "<group>";
		};
		D083089C26038577005A1FF0 /* Courses */ = {
			isa = PBXGroup;
			children = (
				D083089D260385AA005A1FF0 /* AllCourses.swift */,
				D08308A5260385C2005A1FF0 /* NewOrEditCourse.swift */,
				D0A8499C263232E800EC0E2F /* CourseFields.swift */,
			);
			path = Courses;
			sourceTree = "<group>";
		};
		D0F6A1432609F20A00C1D825 /* User */ = {
			isa = PBXGroup;
			children = (
				D08D62A02611DEB200343250 /* NewUser.swift */,
				D08A3C0F26278B0A00A6E626 /* NewUserProfile.swift */,
				D06D9AD225F638AE0016BD59 /* UserProfile.swift */,
				D0F6A1442609F22900C1D825 /* Helpers */,
			);
			path = User;
			sourceTree = "<group>";
		};
		D0F6A1442609F22900C1D825 /* Helpers */ = {
			isa = PBXGroup;
			children = (
				D0F6A1452609F25500C1D825 /* UserInformation.swift */,
				D0F6A14D2609F54300C1D825 /* UserEnrollments.swift */,
			);
			path = Helpers;
			sourceTree = "<group>";
		};
		D0F9FC6C25BEBBDB0080A1F2 /* Proto */ = {
			isa = PBXGroup;
			children = (
				D0F9FC6E25BEBC360080A1F2 /* ag.grpc.swift */,
				D0F9FC6D25BEBC360080A1F2 /* ag.pb.swift */,
				FA17B95C25EF81F1008BB07F /* TranslateStatus.swift */,
				D04331E52602B35C0034C4B9 /* HelpFunctions.swift */,
				FA5A40EA2609F5C000A20A13 /* TranslateError.swift */,
			);
			path = Proto;
			sourceTree = "<group>";
		};
		FA17B98825F24FC3008BB07F /* Review */ = {
			isa = PBXGroup;
			children = (
				FA29712F25D05208000C99A1 /* ReviewList.swift */,
				FA17D896264C2A1A00C4CC23 /* ReviewSheet.swift */,
				FAF132A42622F31A00795869 /* ReviewListSection.swift */,
				FA6C3EB025D45E4500D8A798 /* SubmissionListItem.swift */,
				FA17B96125EF90E6008BB07F /* SubmissionInfo.swift */,
				FA17B95425EF7D6F008BB07F /* SubmissionReview.swift */,
				FA39C855263963CF00906EB4 /* GradingBenchmarkList.swift */,
				FA17B99A25F2630B008BB07F /* GradingBenchmarkSection.swift */,
				FA17B99225F258FA008BB07F /* GradingCriterionListItem.swift */,
				FA17B98D25F2510C008BB07F /* CriterionStatusControl.swift */,
				FAA798C4262DB217005E2713 /* SubmissionRepoLink.swift */,
				FAA5DA35262EC643009DAEDE /* GradingBenchmarkHeader.swift */,
				FA39C85D26396A7A00906EB4 /* CreateReview.swift */,
				FA9DC6692644548D007F1A24 /* ReviewListHeader.swift */,
			);
			path = Review;
			sourceTree = "<group>";
		};
		FA17B98925F24FDA008BB07F /* Results */ = {
			isa = PBXGroup;
			children = (
				FA17B96F25EFD30F008BB07F /* ResultGridListHeader.swift */,
				FAA8334D25E5259B008C05F4 /* ResultListItem.swift */,
				FAA8333825E502F2008C05F4 /* ResultView.swift */,
				FAA8333D25E519E2008C05F4 /* ResultGrid.swift */,
				FAA8335225E52E3A008C05F4 /* SubmissionResult.swift */,
				FA5A4112260B56C000A20A13 /* ResultStats.swift */,
			);
			path = Results;
			sourceTree = "<group>";
		};
		FA29712325D05121000C99A1 /* Teacher */ = {
			isa = PBXGroup;
			children = (
				FAB0671C25CACF8700FFE8EB /* TeacherNavigationView.swift */,
				FA17B98925F24FDA008BB07F /* Results */,
				FA4A88AA2603673500A21CDA /* Members */,
				FA4A88AB2603674D00A21CDA /* Groups */,
				FAE71C9A262CD1A300856FF5 /* Assignments */,
				FA17B98825F24FC3008BB07F /* Review */,
				FAF0C5322608A582005A8B66 /* Release */,
			);
			path = Teacher;
			sourceTree = "<group>";
		};
		FA29714825D123FC000C99A1 /* SearchBar */ = {
			isa = PBXGroup;
			children = (
				FA29717225D303E0000C99A1 /* SearchField.swift */,
				FA29717725D311B5000C99A1 /* SearchFieldController.swift */,
			);
			path = SearchBar;
			sourceTree = "<group>";
		};
		FA29714925D12432000C99A1 /* Pickers */ = {
			isa = PBXGroup;
			children = (
				FA44BC1725CDE4FB00FDB9A2 /* CoursePicker.swift */,
				FA29716D25D28E45000C99A1 /* LabPicker.swift */,
				D08BA18425FA3B2F008A3F6D /* ReviewPicker.swift */,
			);
			path = Pickers;
			sourceTree = "<group>";
		};
		FA4A88AA2603673500A21CDA /* Members */ = {
			isa = PBXGroup;
			children = (
				FAA8330425E3E073008C05F4 /* MemberListItem.swift */,
				FABB233D25DBD91B00317969 /* MemberList.swift */,
				FA17B97425EFD40B008BB07F /* MemberListHeader.swift */,
			);
			path = Members;
			sourceTree = "<group>";
		};
		FA4A88AB2603674D00A21CDA /* Groups */ = {
			isa = PBXGroup;
			children = (
				FA4A889F2600D3A700A21CDA /* GroupsView.swift */,
				FA4A88B22603687900A21CDA /* GroupListHeader.swift */,
				FA4A88B72603688800A21CDA /* GroupListItem.swift */,
				FA8EA69B26038F5D00A10351 /* AddGroupForm.swift */,
				FA8EA6A026039B0D00A10351 /* GroupList.swift */,
				FA5A40E52609DCA700A20A13 /* SelectedMembers.swift */,
			);
			path = Groups;
			sourceTree = "<group>";
		};
		FA8578FC25BEB4E900223DB9 = {
			isa = PBXGroup;
			children = (
				FA85790725BEB4E900223DB9 /* Quickfeed */,
				FA85790625BEB4E900223DB9 /* Products */,
				FAB0667125CABF6E00FFE8EB /* Frameworks */,
			);
			sourceTree = "<group>";
		};
		FA85790625BEB4E900223DB9 /* Products */ = {
			isa = PBXGroup;
			children = (
				FA85790525BEB4E900223DB9 /* Quickfeed.app */,
			);
			name = Products;
			sourceTree = "<group>";
		};
		FA85790725BEB4E900223DB9 /* Quickfeed */ = {
			isa = PBXGroup;
			children = (
				FAB066A425CAC09F00FFE8EB /* Providers */,
				FAC5364F25C0321600784980 /* Managers */,
				FAB066F825CAC84200FFE8EB /* ViewModels */,
				FA85798025BEC4B000223DB9 /* Views */,
				FA85795A25BEB9AC00223DB9 /* Models */,
				D0F9FC6C25BEBBDB0080A1F2 /* Proto */,
				FA85790825BEB4E900223DB9 /* QuickfeedApp.swift */,
				FA85790C25BEB4EA00223DB9 /* Assets.xcassets */,
				FA85791125BEB4EA00223DB9 /* Info.plist */,
				FA85791225BEB4EA00223DB9 /* Quickfeed.entitlements */,
				FA85790E25BEB4EA00223DB9 /* Preview Content */,
			);
			path = Quickfeed;
			sourceTree = "<group>";
		};
		FA85790E25BEB4EA00223DB9 /* Preview Content */ = {
			isa = PBXGroup;
			children = (
				FA85790F25BEB4EA00223DB9 /* Preview Assets.xcassets */,
			);
			path = "Preview Content";
			sourceTree = "<group>";
		};
		FA85795A25BEB9AC00223DB9 /* Models */ = {
			isa = PBXGroup;
			children = (
				FAF945B625CC4E3200074A2F /* ProtoExstensions.swift */,
				D04B470925D29B7300AC8926 /* JSON.swift */,
			);
			path = Models;
			sourceTree = "<group>";
		};
		FA85798025BEC4B000223DB9 /* Views */ = {
			isa = PBXGroup;
			children = (
				FA85790A25BEB4E900223DB9 /* ContentView.swift */,
				D08D62952611D72A00343250 /* LogIn.swift */,
				D035C75725E92795005AC2BA /* NavigatorView.swift */,
				D0F6A1432609F20A00C1D825 /* User */,
				D04331D726028EAB0034C4B9 /* Admin */,
				D04B46E125D12E9D00AC8926 /* Student */,
				FA29712325D05121000C99A1 /* Teacher */,
				FA29714925D12432000C99A1 /* Pickers */,
				FA29714825D123FC000C99A1 /* SearchBar */,
				FA85798C25BEC5B600223DB9 /* Helpers */,
			);
			path = Views;
			sourceTree = "<group>";
		};
		FA85798C25BEC5B600223DB9 /* Helpers */ = {
			isa = PBXGroup;
			children = (
				D04B46FC25D1696D00AC8926 /* LabInfo.swift */,
				FA29711E25D04CF2000C99A1 /* GithubLinkSection.swift */,
				D04B46EB25D1301200AC8926 /* LabSection.swift */,
				D06024B025DD23D4009390A1 /* LabTests.swift */,
				D0F6A13B2609DD5000C1D825 /* RemoteImage.swift */,
				D0005CC525E4EF8E00EDECD1 /* GitHubLogIn.swift */,
			);
			path = Helpers;
			sourceTree = "<group>";
		};
		FAB0667125CABF6E00FFE8EB /* Frameworks */ = {
			isa = PBXGroup;
			children = (
			);
			name = Frameworks;
			sourceTree = "<group>";
		};
		FAB066A425CAC09F00FFE8EB /* Providers */ = {
			isa = PBXGroup;
			children = (
				FAB066AF25CAC0F000FFE8EB /* ProviderProtocol.swift */,
				FA5FBDE125E7E63E007EC0E3 /* ServerProvider.swift */,
			);
			path = Providers;
			sourceTree = "<group>";
		};
		FAB066F825CAC84200FFE8EB /* ViewModels */ = {
			isa = PBXGroup;
			children = (
				FAB066F925CAC85500FFE8EB /* Users */,
			);
			path = ViewModels;
			sourceTree = "<group>";
		};
		FAB066F925CAC85500FFE8EB /* Users */ = {
			isa = PBXGroup;
			children = (
				FAB066FA25CAC89B00FFE8EB /* StudentViewModel.swift */,
				FAB0670425CAC8BC00FFE8EB /* TeacherViewModel.swift */,
				FAB0670B25CAC8D600FFE8EB /* UserViewModelProtocol.swift */,
				D06A115C25ECE1A4004B0047 /* UserViewModel.swift */,
				D04331D226028CD60034C4B9 /* AdminViewModel.swift */,
			);
			path = Users;
			sourceTree = "<group>";
		};
		FAC5364F25C0321600784980 /* Managers */ = {
			isa = PBXGroup;
			children = (
				D01B3CD125C2D76900B126FB /* GRPCManager.swift */,
				FAC5365025C0347300784980 /* UserManager.swift */,
				D0005CC025E4EF2A00EDECD1 /* GitHubManager.swift */,
			);
			path = Managers;
			sourceTree = "<group>";
		};
		FAE71C9A262CD1A300856FF5 /* Assignments */ = {
			isa = PBXGroup;
			children = (
				FAE71C95262CCE9900856FF5 /* AssignmentsView.swift */,
				FAA798B4262D6C82005E2713 /* AssignmentView.swift */,
				FAA798B9262D71D4005E2713 /* GradingCriterionView.swift */,
			);
			path = Assignments;
			sourceTree = "<group>";
		};
		FAF0C5322608A582005A8B66 /* Release */ = {
			isa = PBXGroup;
			children = (
				FAF0C5332608A592005A8B66 /* ReleaseNavigationView.swift */,
			);
			path = Release;
			sourceTree = "<group>";
		};
/* End PBXGroup section */

/* Begin PBXNativeTarget section */
		FA85790425BEB4E900223DB9 /* Quickfeed */ = {
			isa = PBXNativeTarget;
			buildConfigurationList = FA85792B25BEB4EA00223DB9 /* Build configuration list for PBXNativeTarget "Quickfeed" */;
			buildPhases = (
				FA85790125BEB4E900223DB9 /* Sources */,
				FA85790225BEB4E900223DB9 /* Frameworks */,
				FA85790325BEB4E900223DB9 /* Resources */,
			);
			buildRules = (
			);
			dependencies = (
			);
			name = Quickfeed;
			packageProductDependencies = (
				D0F9FC6225BEB9A90080A1F2 /* GRPC */,
				D0F9FC6425BEB9A90080A1F2 /* CGRPCZlib */,
				FAF1329B262087A000795869 /* SwiftUIX */,
			);
			productName = Quickfeed;
			productReference = FA85790525BEB4E900223DB9 /* Quickfeed.app */;
			productType = "com.apple.product-type.application";
		};
/* End PBXNativeTarget section */

/* Begin PBXProject section */
		FA8578FD25BEB4E900223DB9 /* Project object */ = {
			isa = PBXProject;
			attributes = {
				LastSwiftUpdateCheck = 1230;
				LastUpgradeCheck = 1240;
				TargetAttributes = {
					FA85790425BEB4E900223DB9 = {
						CreatedOnToolsVersion = 12.3;
					};
				};
			};
			buildConfigurationList = FA85790025BEB4E900223DB9 /* Build configuration list for PBXProject "Quickfeed" */;
			compatibilityVersion = "Xcode 9.3";
			developmentRegion = en;
			hasScannedForEncodings = 0;
			knownRegions = (
				en,
				Base,
			);
			mainGroup = FA8578FC25BEB4E900223DB9;
			packageReferences = (
				D0F9FC6125BEB9A90080A1F2 /* XCRemoteSwiftPackageReference "grpc-swift" */,
				FAF1329A262087A000795869 /* XCRemoteSwiftPackageReference "SwiftUIX" */,
			);
			productRefGroup = FA85790625BEB4E900223DB9 /* Products */;
			projectDirPath = "";
			projectRoot = "";
			targets = (
				FA85790425BEB4E900223DB9 /* Quickfeed */,
			);
		};
/* End PBXProject section */

/* Begin PBXResourcesBuildPhase section */
		FA85790325BEB4E900223DB9 /* Resources */ = {
			isa = PBXResourcesBuildPhase;
			buildActionMask = 2147483647;
			files = (
				FA85791025BEB4EA00223DB9 /* Preview Assets.xcassets in Resources */,
				FA85790D25BEB4EA00223DB9 /* Assets.xcassets in Resources */,
			);
			runOnlyForDeploymentPostprocessing = 0;
		};
/* End PBXResourcesBuildPhase section */

/* Begin PBXSourcesBuildPhase section */
		FA85790125BEB4E900223DB9 /* Sources */ = {
			isa = PBXSourcesBuildPhase;
			buildActionMask = 2147483647;
			files = (
				FAF0C54E2608AA46005A8B66 /* ReleaseNavigationView.swift in Sources */,
				D08D62962611D72A00343250 /* LogIn.swift in Sources */,
				FAA8333425E4F1D0008C05F4 /* ReviewList.swift in Sources */,
				FAE71C96262CCE9900856FF5 /* AssignmentsView.swift in Sources */,
				FAA798B5262D6C82005E2713 /* AssignmentView.swift in Sources */,
				FA17B97525EFD40B008BB07F /* MemberListHeader.swift in Sources */,
				FA17B96225EF90E6008BB07F /* SubmissionInfo.swift in Sources */,
				FAA8333025E4F1BD008C05F4 /* TeacherViewModel.swift in Sources */,
				FA9DC66A2644548D007F1A24 /* ReviewListHeader.swift in Sources */,
				FA8EA69C26038F5D00A10351 /* AddGroupForm.swift in Sources */,
				FAA8332C25E4F19E008C05F4 /* TeacherNavigationView.swift in Sources */,
				FA4A88B82603688800A21CDA /* GroupListItem.swift in Sources */,
				D0F6A13C2609DD5000C1D825 /* RemoteImage.swift in Sources */,
				FAA8333925E502F2008C05F4 /* ResultView.swift in Sources */,
				FAA8331325E4EF92008C05F4 /* CoursePicker.swift in Sources */,
				FAA5DA36262EC643009DAEDE /* GradingBenchmarkHeader.swift in Sources */,
				D04331D926028ECD0034C4B9 /* AdminUsers.swift in Sources */,
				D04331E12602A5750034C4B9 /* AdminCourses.swift in Sources */,
				D08A3C1026278B0A00A6E626 /* NewUserProfile.swift in Sources */,
				FA17B95525EF7D6F008BB07F /* SubmissionReview.swift in Sources */,
				FA6C3EB125D45E4500D8A798 /* SubmissionListItem.swift in Sources */,
				FA17B98E25F2510D008BB07F /* CriterionStatusControl.swift in Sources */,
				D08BA18525FA3B2F008A3F6D /* ReviewPicker.swift in Sources */,
				D04B470225D1741300AC8926 /* StudentLab.swift in Sources */,
				D06024B125DD23D4009390A1 /* LabTests.swift in Sources */,
				D04331D326028CD60034C4B9 /* AdminViewModel.swift in Sources */,
				D0F6A1462609F25500C1D825 /* UserInformation.swift in Sources */,
				D04331EB2602B9FF0034C4B9 /* Admin.swift in Sources */,
				D0005CC625E4EF8E00EDECD1 /* GitHubLogIn.swift in Sources */,
				FAB066FB25CAC89B00FFE8EB /* StudentViewModel.swift in Sources */,
				D04B470A25D29B7300AC8926 /* JSON.swift in Sources */,
				FAA798BA262D71D4005E2713 /* GradingCriterionView.swift in Sources */,
				FA17B99B25F2630B008BB07F /* GradingBenchmarkSection.swift in Sources */,
				D0A6FCB925CA0A8A008C546B /* StudentNavigatorView.swift in Sources */,
				D08BA18A25FA4875008A3F6D /* SubmissionScore.swift in Sources */,
				FAF945B725CC4E3200074A2F /* ProtoExstensions.swift in Sources */,
				FAA798C5262DB217005E2713 /* SubmissionRepoLink.swift in Sources */,
				FA17B95D25EF81F1008BB07F /* TranslateStatus.swift in Sources */,
				FAB0670C25CAC8D600FFE8EB /* UserViewModelProtocol.swift in Sources */,
				D035C75825E92795005AC2BA /* NavigatorView.swift in Sources */,
				FA29711F25D04CF2000C99A1 /* GithubLinkSection.swift in Sources */,
				D0F6A14E2609F54300C1D825 /* UserEnrollments.swift in Sources */,
				D0F9FC6F25BEBC360080A1F2 /* ag.pb.swift in Sources */,
				FAA8335325E52E3A008C05F4 /* SubmissionResult.swift in Sources */,
				FA29717325D303E0000C99A1 /* SearchField.swift in Sources */,
				FABB233E25DBD91B00317969 /* MemberList.swift in Sources */,
				FA5A40E62609DCA700A20A13 /* SelectedMembers.swift in Sources */,
				FAA8330525E3E073008C05F4 /* MemberListItem.swift in Sources */,
				FAF132A52622F31A00795869 /* ReviewListSection.swift in Sources */,
				FA29717825D311B5000C99A1 /* SearchFieldController.swift in Sources */,
				FA5A40EB2609F5C000A20A13 /* TranslateError.swift in Sources */,
				FAA8333E25E519E2008C05F4 /* ResultGrid.swift in Sources */,
				FA5FBDE225E7E63E007EC0E3 /* ServerProvider.swift in Sources */,
				D04B46EC25D1301200AC8926 /* LabSection.swift in Sources */,
				D08D62A12611DEB200343250 /* NewUser.swift in Sources */,
				FA85790B25BEB4E900223DB9 /* ContentView.swift in Sources */,
				D03EF9D425F027A2008869CA /* ManuallyGraded.swift in Sources */,
				D06A115D25ECE1A4004B0047 /* UserViewModel.swift in Sources */,
				FA17D897264C2A1A00C4CC23 /* ReviewSheet.swift in Sources */,
				FA5A4113260B56C000A20A13 /* ResultStats.swift in Sources */,
				D0A8499D263232E800EC0E2F /* CourseFields.swift in Sources */,
				D0F9FC7025BEBC360080A1F2 /* ag.grpc.swift in Sources */,
				FAA8334E25E5259B008C05F4 /* ResultListItem.swift in Sources */,
				D0005CC125E4EF2A00EDECD1 /* GitHubManager.swift in Sources */,
				FA39C85E26396A7A00906EB4 /* CreateReview.swift in Sources */,
				D04B46FD25D1696D00AC8926 /* LabInfo.swift in Sources */,
				FA8EA6A126039B0D00A10351 /* GroupList.swift in Sources */,
				D01B3CD225C2D76900B126FB /* GRPCManager.swift in Sources */,
				D03EF9CF25F0277A008869CA /* AutoGraded.swift in Sources */,
				FA39C856263963CF00906EB4 /* GradingBenchmarkList.swift in Sources */,
				FAB066B025CAC0F000FFE8EB /* ProviderProtocol.swift in Sources */,
				D04331E62602B35C0034C4B9 /* HelpFunctions.swift in Sources */,
				FA17B99325F258FA008BB07F /* GradingCriterionListItem.swift in Sources */,
				D083089E260385AA005A1FF0 /* AllCourses.swift in Sources */,
				D06D9AD325F638AE0016BD59 /* UserProfile.swift in Sources */,
				FA29716E25D28E45000C99A1 /* LabPicker.swift in Sources */,
				FA4A88A02600D3A700A21CDA /* GroupsView.swift in Sources */,
				FA85790925BEB4E900223DB9 /* QuickfeedApp.swift in Sources */,
				D08308A6260385C2005A1FF0 /* NewOrEditCourse.swift in Sources */,
				FA4A88B32603687900A21CDA /* GroupListHeader.swift in Sources */,
				FA17B97025EFD30F008BB07F /* ResultGridListHeader.swift in Sources */,
			);
			runOnlyForDeploymentPostprocessing = 0;
		};
/* End PBXSourcesBuildPhase section */

/* Begin XCBuildConfiguration section */
		FA85792925BEB4EA00223DB9 /* Debug */ = {
			isa = XCBuildConfiguration;
			buildSettings = {
				ALWAYS_SEARCH_USER_PATHS = NO;
				CLANG_ANALYZER_NONNULL = YES;
				CLANG_ANALYZER_NUMBER_OBJECT_CONVERSION = YES_AGGRESSIVE;
				CLANG_CXX_LANGUAGE_STANDARD = "gnu++14";
				CLANG_CXX_LIBRARY = "libc++";
				CLANG_ENABLE_MODULES = YES;
				CLANG_ENABLE_OBJC_ARC = YES;
				CLANG_ENABLE_OBJC_WEAK = YES;
				CLANG_WARN_BLOCK_CAPTURE_AUTORELEASING = YES;
				CLANG_WARN_BOOL_CONVERSION = YES;
				CLANG_WARN_COMMA = YES;
				CLANG_WARN_CONSTANT_CONVERSION = YES;
				CLANG_WARN_DEPRECATED_OBJC_IMPLEMENTATIONS = YES;
				CLANG_WARN_DIRECT_OBJC_ISA_USAGE = YES_ERROR;
				CLANG_WARN_DOCUMENTATION_COMMENTS = YES;
				CLANG_WARN_EMPTY_BODY = YES;
				CLANG_WARN_ENUM_CONVERSION = YES;
				CLANG_WARN_INFINITE_RECURSION = YES;
				CLANG_WARN_INT_CONVERSION = YES;
				CLANG_WARN_NON_LITERAL_NULL_CONVERSION = YES;
				CLANG_WARN_OBJC_IMPLICIT_RETAIN_SELF = YES;
				CLANG_WARN_OBJC_LITERAL_CONVERSION = YES;
				CLANG_WARN_OBJC_ROOT_CLASS = YES_ERROR;
				CLANG_WARN_QUOTED_INCLUDE_IN_FRAMEWORK_HEADER = YES;
				CLANG_WARN_RANGE_LOOP_ANALYSIS = YES;
				CLANG_WARN_STRICT_PROTOTYPES = YES;
				CLANG_WARN_SUSPICIOUS_MOVE = YES;
				CLANG_WARN_UNGUARDED_AVAILABILITY = YES_AGGRESSIVE;
				CLANG_WARN_UNREACHABLE_CODE = YES;
				CLANG_WARN__DUPLICATE_METHOD_MATCH = YES;
				COPY_PHASE_STRIP = NO;
				DEBUG_INFORMATION_FORMAT = dwarf;
				ENABLE_STRICT_OBJC_MSGSEND = YES;
				ENABLE_TESTABILITY = YES;
				GCC_C_LANGUAGE_STANDARD = gnu11;
				GCC_DYNAMIC_NO_PIC = NO;
				GCC_NO_COMMON_BLOCKS = YES;
				GCC_OPTIMIZATION_LEVEL = 0;
				GCC_PREPROCESSOR_DEFINITIONS = (
					"DEBUG=1",
					"$(inherited)",
				);
				GCC_WARN_64_TO_32_BIT_CONVERSION = YES;
				GCC_WARN_ABOUT_RETURN_TYPE = YES_ERROR;
				GCC_WARN_UNDECLARED_SELECTOR = YES;
				GCC_WARN_UNINITIALIZED_AUTOS = YES_AGGRESSIVE;
				GCC_WARN_UNUSED_FUNCTION = YES;
				GCC_WARN_UNUSED_VARIABLE = YES;
				MACOSX_DEPLOYMENT_TARGET = 11.1;
				MTL_ENABLE_DEBUG_INFO = INCLUDE_SOURCE;
				MTL_FAST_MATH = YES;
				ONLY_ACTIVE_ARCH = YES;
				SDKROOT = macosx;
				SWIFT_ACTIVE_COMPILATION_CONDITIONS = DEBUG;
				SWIFT_OPTIMIZATION_LEVEL = "-Onone";
			};
			name = Debug;
		};
		FA85792A25BEB4EA00223DB9 /* Release */ = {
			isa = XCBuildConfiguration;
			buildSettings = {
				ALWAYS_SEARCH_USER_PATHS = NO;
				CLANG_ANALYZER_NONNULL = YES;
				CLANG_ANALYZER_NUMBER_OBJECT_CONVERSION = YES_AGGRESSIVE;
				CLANG_CXX_LANGUAGE_STANDARD = "gnu++14";
				CLANG_CXX_LIBRARY = "libc++";
				CLANG_ENABLE_MODULES = YES;
				CLANG_ENABLE_OBJC_ARC = YES;
				CLANG_ENABLE_OBJC_WEAK = YES;
				CLANG_WARN_BLOCK_CAPTURE_AUTORELEASING = YES;
				CLANG_WARN_BOOL_CONVERSION = YES;
				CLANG_WARN_COMMA = YES;
				CLANG_WARN_CONSTANT_CONVERSION = YES;
				CLANG_WARN_DEPRECATED_OBJC_IMPLEMENTATIONS = YES;
				CLANG_WARN_DIRECT_OBJC_ISA_USAGE = YES_ERROR;
				CLANG_WARN_DOCUMENTATION_COMMENTS = YES;
				CLANG_WARN_EMPTY_BODY = YES;
				CLANG_WARN_ENUM_CONVERSION = YES;
				CLANG_WARN_INFINITE_RECURSION = YES;
				CLANG_WARN_INT_CONVERSION = YES;
				CLANG_WARN_NON_LITERAL_NULL_CONVERSION = YES;
				CLANG_WARN_OBJC_IMPLICIT_RETAIN_SELF = YES;
				CLANG_WARN_OBJC_LITERAL_CONVERSION = YES;
				CLANG_WARN_OBJC_ROOT_CLASS = YES_ERROR;
				CLANG_WARN_QUOTED_INCLUDE_IN_FRAMEWORK_HEADER = YES;
				CLANG_WARN_RANGE_LOOP_ANALYSIS = YES;
				CLANG_WARN_STRICT_PROTOTYPES = YES;
				CLANG_WARN_SUSPICIOUS_MOVE = YES;
				CLANG_WARN_UNGUARDED_AVAILABILITY = YES_AGGRESSIVE;
				CLANG_WARN_UNREACHABLE_CODE = YES;
				CLANG_WARN__DUPLICATE_METHOD_MATCH = YES;
				COPY_PHASE_STRIP = NO;
				DEBUG_INFORMATION_FORMAT = "dwarf-with-dsym";
				ENABLE_NS_ASSERTIONS = NO;
				ENABLE_STRICT_OBJC_MSGSEND = YES;
				GCC_C_LANGUAGE_STANDARD = gnu11;
				GCC_NO_COMMON_BLOCKS = YES;
				GCC_WARN_64_TO_32_BIT_CONVERSION = YES;
				GCC_WARN_ABOUT_RETURN_TYPE = YES_ERROR;
				GCC_WARN_UNDECLARED_SELECTOR = YES;
				GCC_WARN_UNINITIALIZED_AUTOS = YES_AGGRESSIVE;
				GCC_WARN_UNUSED_FUNCTION = YES;
				GCC_WARN_UNUSED_VARIABLE = YES;
				MACOSX_DEPLOYMENT_TARGET = 11.1;
				MTL_ENABLE_DEBUG_INFO = NO;
				MTL_FAST_MATH = YES;
				SDKROOT = macosx;
				SWIFT_COMPILATION_MODE = wholemodule;
				SWIFT_OPTIMIZATION_LEVEL = "-O";
			};
			name = Release;
		};
		FA85792C25BEB4EA00223DB9 /* Debug */ = {
			isa = XCBuildConfiguration;
			buildSettings = {
				ASSETCATALOG_COMPILER_APPICON_NAME = AppIcon;
				ASSETCATALOG_COMPILER_GLOBAL_ACCENT_COLOR_NAME = AccentColor;
				CODE_SIGN_ENTITLEMENTS = Quickfeed/Quickfeed.entitlements;
				CODE_SIGN_IDENTITY = "-";
				CODE_SIGN_STYLE = Automatic;
				COMBINE_HIDPI_IMAGES = YES;
				DEVELOPMENT_ASSET_PATHS = "\"Quickfeed/Preview Content\"";
				ENABLE_PREVIEWS = YES;
				INFOPLIST_FILE = Quickfeed/Info.plist;
				LD_RUNPATH_SEARCH_PATHS = (
					"$(inherited)",
					"@executable_path/../Frameworks",
				);
				MACOSX_DEPLOYMENT_TARGET = 11.0;
				PRODUCT_BUNDLE_IDENTIFIER = gjolga.Quickfeed;
				PRODUCT_NAME = "$(TARGET_NAME)";
				SWIFT_VERSION = 5.0;
			};
			name = Debug;
		};
		FA85792D25BEB4EA00223DB9 /* Release */ = {
			isa = XCBuildConfiguration;
			buildSettings = {
				ASSETCATALOG_COMPILER_APPICON_NAME = AppIcon;
				ASSETCATALOG_COMPILER_GLOBAL_ACCENT_COLOR_NAME = AccentColor;
				CODE_SIGN_ENTITLEMENTS = Quickfeed/Quickfeed.entitlements;
				CODE_SIGN_IDENTITY = "-";
				CODE_SIGN_STYLE = Automatic;
				COMBINE_HIDPI_IMAGES = YES;
				DEVELOPMENT_ASSET_PATHS = "\"Quickfeed/Preview Content\"";
				ENABLE_PREVIEWS = YES;
				INFOPLIST_FILE = Quickfeed/Info.plist;
				LD_RUNPATH_SEARCH_PATHS = (
					"$(inherited)",
					"@executable_path/../Frameworks",
				);
				MACOSX_DEPLOYMENT_TARGET = 11.0;
				PRODUCT_BUNDLE_IDENTIFIER = gjolga.Quickfeed;
				PRODUCT_NAME = "$(TARGET_NAME)";
				SWIFT_VERSION = 5.0;
			};
			name = Release;
		};
/* End XCBuildConfiguration section */

/* Begin XCConfigurationList section */
		FA85790025BEB4E900223DB9 /* Build configuration list for PBXProject "Quickfeed" */ = {
			isa = XCConfigurationList;
			buildConfigurations = (
				FA85792925BEB4EA00223DB9 /* Debug */,
				FA85792A25BEB4EA00223DB9 /* Release */,
			);
			defaultConfigurationIsVisible = 0;
			defaultConfigurationName = Release;
		};
		FA85792B25BEB4EA00223DB9 /* Build configuration list for PBXNativeTarget "Quickfeed" */ = {
			isa = XCConfigurationList;
			buildConfigurations = (
				FA85792C25BEB4EA00223DB9 /* Debug */,
				FA85792D25BEB4EA00223DB9 /* Release */,
			);
			defaultConfigurationIsVisible = 0;
			defaultConfigurationName = Release;
		};
/* End XCConfigurationList section */

/* Begin XCRemoteSwiftPackageReference section */
		D0F9FC6125BEB9A90080A1F2 /* XCRemoteSwiftPackageReference "grpc-swift" */ = {
			isa = XCRemoteSwiftPackageReference;
			repositoryURL = "https://github.com/grpc/grpc-swift";
			requirement = {
				kind = upToNextMajorVersion;
				minimumVersion = "1.0.0-alpha.23";
			};
		};
		FAF1329A262087A000795869 /* XCRemoteSwiftPackageReference "SwiftUIX" */ = {
			isa = XCRemoteSwiftPackageReference;
			repositoryURL = "https://github.com/SwiftUIX/SwiftUIX";
			requirement = {
				branch = master;
				kind = branch;
			};
		};
/* End XCRemoteSwiftPackageReference section */

/* Begin XCSwiftPackageProductDependency section */
		D0F9FC6225BEB9A90080A1F2 /* GRPC */ = {
			isa = XCSwiftPackageProductDependency;
			package = D0F9FC6125BEB9A90080A1F2 /* XCRemoteSwiftPackageReference "grpc-swift" */;
			productName = GRPC;
		};
		D0F9FC6425BEB9A90080A1F2 /* CGRPCZlib */ = {
			isa = XCSwiftPackageProductDependency;
			package = D0F9FC6125BEB9A90080A1F2 /* XCRemoteSwiftPackageReference "grpc-swift" */;
			productName = CGRPCZlib;
		};
		FAF1329B262087A000795869 /* SwiftUIX */ = {
			isa = XCSwiftPackageProductDependency;
			package = FAF1329A262087A000795869 /* XCRemoteSwiftPackageReference "SwiftUIX" */;
			productName = SwiftUIX;
		};
/* End XCSwiftPackageProductDependency section */
	};
	rootObject = FA8578FD25BEB4E900223DB9 /* Project object */;
}
