// !$*UTF8*$!
{
	archiveVersion = 1;
	classes = {
	};
	objectVersion = 52;
	objects = {

/* Begin PBXBuildFile section */
		D0F9FC6325BEB9A90080A1F2 /* GRPC in Frameworks */ = {isa = PBXBuildFile; productRef = D0F9FC6225BEB9A90080A1F2 /* GRPC */; };
		D0F9FC6525BEB9A90080A1F2 /* CGRPCZlib in Frameworks */ = {isa = PBXBuildFile; productRef = D0F9FC6425BEB9A90080A1F2 /* CGRPCZlib */; };
		D0F9FC6F25BEBC360080A1F2 /* ag.pb.swift in Sources */ = {isa = PBXBuildFile; fileRef = D0F9FC6D25BEBC360080A1F2 /* ag.pb.swift */; };
		D0F9FC7025BEBC360080A1F2 /* ag.grpc.swift in Sources */ = {isa = PBXBuildFile; fileRef = D0F9FC6E25BEBC360080A1F2 /* ag.grpc.swift */; };
		FA4D0BD325BEFD75006412B0 /* UserModel.swift in Sources */ = {isa = PBXBuildFile; fileRef = FA4D0BD225BEFD75006412B0 /* UserModel.swift */; };
		FA85790925BEB4E900223DB9 /* QuickfeedApp.swift in Sources */ = {isa = PBXBuildFile; fileRef = FA85790825BEB4E900223DB9 /* QuickfeedApp.swift */; };
		FA85790B25BEB4E900223DB9 /* ContentView.swift in Sources */ = {isa = PBXBuildFile; fileRef = FA85790A25BEB4E900223DB9 /* ContentView.swift */; };
		FA85790D25BEB4EA00223DB9 /* Assets.xcassets in Resources */ = {isa = PBXBuildFile; fileRef = FA85790C25BEB4EA00223DB9 /* Assets.xcassets */; };
		FA85791025BEB4EA00223DB9 /* Preview Assets.xcassets in Resources */ = {isa = PBXBuildFile; fileRef = FA85790F25BEB4EA00223DB9 /* Preview Assets.xcassets */; };
		FA85791C25BEB4EA00223DB9 /* QuickfeedTests.swift in Sources */ = {isa = PBXBuildFile; fileRef = FA85791B25BEB4EA00223DB9 /* QuickfeedTests.swift */; };
		FA85792725BEB4EA00223DB9 /* QuickfeedUITests.swift in Sources */ = {isa = PBXBuildFile; fileRef = FA85792625BEB4EA00223DB9 /* QuickfeedUITests.swift */; };
		FA85795C25BEB9DA00223DB9 /* StudentCourse.swift in Sources */ = {isa = PBXBuildFile; fileRef = FA85795B25BEB9DA00223DB9 /* StudentCourse.swift */; };
		FA85795D25BEB9DA00223DB9 /* StudentCourse.swift in Sources */ = {isa = PBXBuildFile; fileRef = FA85795B25BEB9DA00223DB9 /* StudentCourse.swift */; };
		FA85795E25BEB9DA00223DB9 /* StudentCourse.swift in Sources */ = {isa = PBXBuildFile; fileRef = FA85795B25BEB9DA00223DB9 /* StudentCourse.swift */; };
		FA85796625BEB9F400223DB9 /* StudentLab.swift in Sources */ = {isa = PBXBuildFile; fileRef = FA85796525BEB9F400223DB9 /* StudentLab.swift */; };
		FA85796725BEB9F400223DB9 /* StudentLab.swift in Sources */ = {isa = PBXBuildFile; fileRef = FA85796525BEB9F400223DB9 /* StudentLab.swift */; };
		FA85796825BEB9F400223DB9 /* StudentLab.swift in Sources */ = {isa = PBXBuildFile; fileRef = FA85796525BEB9F400223DB9 /* StudentLab.swift */; };
		FA85796D25BEBA3500223DB9 /* StudentTestResult.swift in Sources */ = {isa = PBXBuildFile; fileRef = FA85796C25BEBA3500223DB9 /* StudentTestResult.swift */; };
		FA85796E25BEBA3500223DB9 /* StudentTestResult.swift in Sources */ = {isa = PBXBuildFile; fileRef = FA85796C25BEBA3500223DB9 /* StudentTestResult.swift */; };
		FA85796F25BEBA3500223DB9 /* StudentTestResult.swift in Sources */ = {isa = PBXBuildFile; fileRef = FA85796C25BEBA3500223DB9 /* StudentTestResult.swift */; };
		FA85798225BEC4FB00223DB9 /* LabMenuView.swift in Sources */ = {isa = PBXBuildFile; fileRef = FA85798125BEC4FB00223DB9 /* LabMenuView.swift */; };
		FA85798325BEC4FB00223DB9 /* LabMenuView.swift in Sources */ = {isa = PBXBuildFile; fileRef = FA85798125BEC4FB00223DB9 /* LabMenuView.swift */; };
		FA85798425BEC4FB00223DB9 /* LabMenuView.swift in Sources */ = {isa = PBXBuildFile; fileRef = FA85798125BEC4FB00223DB9 /* LabMenuView.swift */; };
		FA85799525BECFDA00223DB9 /* StudentNavigatorView.swift in Sources */ = {isa = PBXBuildFile; fileRef = FA85799425BECFDA00223DB9 /* StudentNavigatorView.swift */; };
		FA85799625BECFDA00223DB9 /* StudentNavigatorView.swift in Sources */ = {isa = PBXBuildFile; fileRef = FA85799425BECFDA00223DB9 /* StudentNavigatorView.swift */; };
		FA85799725BECFDA00223DB9 /* StudentNavigatorView.swift in Sources */ = {isa = PBXBuildFile; fileRef = FA85799425BECFDA00223DB9 /* StudentNavigatorView.swift */; };
/* End PBXBuildFile section */

/* Begin PBXContainerItemProxy section */
		FA85791825BEB4EA00223DB9 /* PBXContainerItemProxy */ = {
			isa = PBXContainerItemProxy;
			containerPortal = FA8578FD25BEB4E900223DB9 /* Project object */;
			proxyType = 1;
			remoteGlobalIDString = FA85790425BEB4E900223DB9;
			remoteInfo = Quickfeed;
		};
		FA85792325BEB4EA00223DB9 /* PBXContainerItemProxy */ = {
			isa = PBXContainerItemProxy;
			containerPortal = FA8578FD25BEB4E900223DB9 /* Project object */;
			proxyType = 1;
			remoteGlobalIDString = FA85790425BEB4E900223DB9;
			remoteInfo = Quickfeed;
		};
/* End PBXContainerItemProxy section */

/* Begin PBXFileReference section */
		D0F9FC6D25BEBC360080A1F2 /* ag.pb.swift */ = {isa = PBXFileReference; fileEncoding = 4; lastKnownFileType = sourcecode.swift; path = ag.pb.swift; sourceTree = "<group>"; };
		D0F9FC6E25BEBC360080A1F2 /* ag.grpc.swift */ = {isa = PBXFileReference; fileEncoding = 4; lastKnownFileType = sourcecode.swift; path = ag.grpc.swift; sourceTree = "<group>"; };
		FA4D0BD225BEFD75006412B0 /* UserModel.swift */ = {isa = PBXFileReference; lastKnownFileType = sourcecode.swift; path = UserModel.swift; sourceTree = "<group>"; };
		FA85790525BEB4E900223DB9 /* Quickfeed.app */ = {isa = PBXFileReference; explicitFileType = wrapper.application; includeInIndex = 0; path = Quickfeed.app; sourceTree = BUILT_PRODUCTS_DIR; };
		FA85790825BEB4E900223DB9 /* QuickfeedApp.swift */ = {isa = PBXFileReference; lastKnownFileType = sourcecode.swift; path = QuickfeedApp.swift; sourceTree = "<group>"; };
		FA85790A25BEB4E900223DB9 /* ContentView.swift */ = {isa = PBXFileReference; lastKnownFileType = sourcecode.swift; path = ContentView.swift; sourceTree = "<group>"; };
		FA85790C25BEB4EA00223DB9 /* Assets.xcassets */ = {isa = PBXFileReference; lastKnownFileType = folder.assetcatalog; path = Assets.xcassets; sourceTree = "<group>"; };
		FA85790F25BEB4EA00223DB9 /* Preview Assets.xcassets */ = {isa = PBXFileReference; lastKnownFileType = folder.assetcatalog; path = "Preview Assets.xcassets"; sourceTree = "<group>"; };
		FA85791125BEB4EA00223DB9 /* Info.plist */ = {isa = PBXFileReference; lastKnownFileType = text.plist.xml; path = Info.plist; sourceTree = "<group>"; };
		FA85791225BEB4EA00223DB9 /* Quickfeed.entitlements */ = {isa = PBXFileReference; lastKnownFileType = text.plist.entitlements; path = Quickfeed.entitlements; sourceTree = "<group>"; };
		FA85791725BEB4EA00223DB9 /* QuickfeedTests.xctest */ = {isa = PBXFileReference; explicitFileType = wrapper.cfbundle; includeInIndex = 0; path = QuickfeedTests.xctest; sourceTree = BUILT_PRODUCTS_DIR; };
		FA85791B25BEB4EA00223DB9 /* QuickfeedTests.swift */ = {isa = PBXFileReference; lastKnownFileType = sourcecode.swift; path = QuickfeedTests.swift; sourceTree = "<group>"; };
		FA85791D25BEB4EA00223DB9 /* Info.plist */ = {isa = PBXFileReference; lastKnownFileType = text.plist.xml; path = Info.plist; sourceTree = "<group>"; };
		FA85792225BEB4EA00223DB9 /* QuickfeedUITests.xctest */ = {isa = PBXFileReference; explicitFileType = wrapper.cfbundle; includeInIndex = 0; path = QuickfeedUITests.xctest; sourceTree = BUILT_PRODUCTS_DIR; };
		FA85792625BEB4EA00223DB9 /* QuickfeedUITests.swift */ = {isa = PBXFileReference; lastKnownFileType = sourcecode.swift; path = QuickfeedUITests.swift; sourceTree = "<group>"; };
		FA85792825BEB4EA00223DB9 /* Info.plist */ = {isa = PBXFileReference; lastKnownFileType = text.plist.xml; path = Info.plist; sourceTree = "<group>"; };
		FA85795B25BEB9DA00223DB9 /* StudentCourse.swift */ = {isa = PBXFileReference; lastKnownFileType = sourcecode.swift; path = StudentCourse.swift; sourceTree = "<group>"; };
		FA85796525BEB9F400223DB9 /* StudentLab.swift */ = {isa = PBXFileReference; lastKnownFileType = sourcecode.swift; path = StudentLab.swift; sourceTree = "<group>"; };
		FA85796C25BEBA3500223DB9 /* StudentTestResult.swift */ = {isa = PBXFileReference; lastKnownFileType = sourcecode.swift; path = StudentTestResult.swift; sourceTree = "<group>"; };
		FA85798125BEC4FB00223DB9 /* LabMenuView.swift */ = {isa = PBXFileReference; lastKnownFileType = sourcecode.swift; path = LabMenuView.swift; sourceTree = "<group>"; };
		FA85799425BECFDA00223DB9 /* StudentNavigatorView.swift */ = {isa = PBXFileReference; lastKnownFileType = sourcecode.swift; path = StudentNavigatorView.swift; sourceTree = "<group>"; };
/* End PBXFileReference section */

/* Begin PBXFrameworksBuildPhase section */
		FA85790225BEB4E900223DB9 /* Frameworks */ = {
			isa = PBXFrameworksBuildPhase;
			buildActionMask = 2147483647;
			files = (
				D0F9FC6325BEB9A90080A1F2 /* GRPC in Frameworks */,
				D0F9FC6525BEB9A90080A1F2 /* CGRPCZlib in Frameworks */,
			);
			runOnlyForDeploymentPostprocessing = 0;
		};
		FA85791425BEB4EA00223DB9 /* Frameworks */ = {
			isa = PBXFrameworksBuildPhase;
			buildActionMask = 2147483647;
			files = (
			);
			runOnlyForDeploymentPostprocessing = 0;
		};
		FA85791F25BEB4EA00223DB9 /* Frameworks */ = {
			isa = PBXFrameworksBuildPhase;
			buildActionMask = 2147483647;
			files = (
			);
			runOnlyForDeploymentPostprocessing = 0;
		};
/* End PBXFrameworksBuildPhase section */

/* Begin PBXGroup section */
		D0F9FC6C25BEBBDB0080A1F2 /* GRPC */ = {
			isa = PBXGroup;
			children = (
				D0F9FC6E25BEBC360080A1F2 /* ag.grpc.swift */,
				D0F9FC6D25BEBC360080A1F2 /* ag.pb.swift */,
			);
			path = GRPC;
			sourceTree = "<group>";
		};
		FA8578FC25BEB4E900223DB9 = {
			isa = PBXGroup;
			children = (
				FA85790725BEB4E900223DB9 /* Quickfeed */,
				FA85791A25BEB4EA00223DB9 /* QuickfeedTests */,
				FA85792525BEB4EA00223DB9 /* QuickfeedUITests */,
				FA85790625BEB4E900223DB9 /* Products */,
			);
			sourceTree = "<group>";
		};
		FA85790625BEB4E900223DB9 /* Products */ = {
			isa = PBXGroup;
			children = (
				FA85790525BEB4E900223DB9 /* Quickfeed.app */,
				FA85791725BEB4EA00223DB9 /* QuickfeedTests.xctest */,
				FA85792225BEB4EA00223DB9 /* QuickfeedUITests.xctest */,
			);
			name = Products;
			sourceTree = "<group>";
		};
		FA85790725BEB4E900223DB9 /* Quickfeed */ = {
			isa = PBXGroup;
			children = (
				FA85798025BEC4B000223DB9 /* Views */,
				FA85795A25BEB9AC00223DB9 /* Models */,
				D0F9FC6C25BEBBDB0080A1F2 /* GRPC */,
				FA85790825BEB4E900223DB9 /* QuickfeedApp.swift */,
				FA85790C25BEB4EA00223DB9 /* Assets.xcassets */,
				FA85791125BEB4EA00223DB9 /* Info.plist */,
				FA85791225BEB4EA00223DB9 /* Quickfeed.entitlements */,
				FA85790E25BEB4EA00223DB9 /* Preview Content */,
			);
			path = Quickfeed;
			sourceTree = "<group>";
		};
		FA85790E25BEB4EA00223DB9 /* Preview Content */ = {
			isa = PBXGroup;
			children = (
				FA85790F25BEB4EA00223DB9 /* Preview Assets.xcassets */,
			);
			path = "Preview Content";
			sourceTree = "<group>";
		};
		FA85791A25BEB4EA00223DB9 /* QuickfeedTests */ = {
			isa = PBXGroup;
			children = (
				FA85791B25BEB4EA00223DB9 /* QuickfeedTests.swift */,
				FA85791D25BEB4EA00223DB9 /* Info.plist */,
			);
			path = QuickfeedTests;
			sourceTree = "<group>";
		};
		FA85792525BEB4EA00223DB9 /* QuickfeedUITests */ = {
			isa = PBXGroup;
			children = (
				FA85792625BEB4EA00223DB9 /* QuickfeedUITests.swift */,
				FA85792825BEB4EA00223DB9 /* Info.plist */,
			);
			path = QuickfeedUITests;
			sourceTree = "<group>";
		};
		FA85795A25BEB9AC00223DB9 /* Models */ = {
			isa = PBXGroup;
			children = (
				FA85795B25BEB9DA00223DB9 /* StudentCourse.swift */,
				FA85796525BEB9F400223DB9 /* StudentLab.swift */,
				FA85796C25BEBA3500223DB9 /* StudentTestResult.swift */,
				FA4D0BD225BEFD75006412B0 /* UserModel.swift */,
			);
			path = Models;
			sourceTree = "<group>";
		};
		FA85798025BEC4B000223DB9 /* Views */ = {
			isa = PBXGroup;
			children = (
				FA85790A25BEB4E900223DB9 /* ContentView.swift */,
				FA85798B25BEC59300223DB9 /* Quickfeed */,
				FA85798C25BEC5B600223DB9 /* Helpers */,
			);
			path = Views;
			sourceTree = "<group>";
		};
		FA85798B25BEC59300223DB9 /* Quickfeed */ = {
			isa = PBXGroup;
			children = (
				FA85799425BECFDA00223DB9 /* StudentNavigatorView.swift */,
			);
			path = Quickfeed;
			sourceTree = "<group>";
		};
		FA85798C25BEC5B600223DB9 /* Helpers */ = {
			isa = PBXGroup;
			children = (
				FA85798125BEC4FB00223DB9 /* LabMenuView.swift */,
			);
			path = Helpers;
			sourceTree = "<group>";
		};
/* End PBXGroup section */

/* Begin PBXNativeTarget section */
		FA85790425BEB4E900223DB9 /* Quickfeed */ = {
			isa = PBXNativeTarget;
			buildConfigurationList = FA85792B25BEB4EA00223DB9 /* Build configuration list for PBXNativeTarget "Quickfeed" */;
			buildPhases = (
				FA85790125BEB4E900223DB9 /* Sources */,
				FA85790225BEB4E900223DB9 /* Frameworks */,
				FA85790325BEB4E900223DB9 /* Resources */,
			);
			buildRules = (
			);
			dependencies = (
			);
			name = Quickfeed;
			packageProductDependencies = (
				D0F9FC6225BEB9A90080A1F2 /* GRPC */,
				D0F9FC6425BEB9A90080A1F2 /* CGRPCZlib */,
			);
			productName = Quickfeed;
			productReference = FA85790525BEB4E900223DB9 /* Quickfeed.app */;
			productType = "com.apple.product-type.application";
		};
		FA85791625BEB4EA00223DB9 /* QuickfeedTests */ = {
			isa = PBXNativeTarget;
			buildConfigurationList = FA85792E25BEB4EA00223DB9 /* Build configuration list for PBXNativeTarget "QuickfeedTests" */;
			buildPhases = (
				FA85791325BEB4EA00223DB9 /* Sources */,
				FA85791425BEB4EA00223DB9 /* Frameworks */,
				FA85791525BEB4EA00223DB9 /* Resources */,
			);
			buildRules = (
			);
			dependencies = (
				FA85791925BEB4EA00223DB9 /* PBXTargetDependency */,
			);
			name = QuickfeedTests;
			productName = QuickfeedTests;
			productReference = FA85791725BEB4EA00223DB9 /* QuickfeedTests.xctest */;
			productType = "com.apple.product-type.bundle.unit-test";
		};
		FA85792125BEB4EA00223DB9 /* QuickfeedUITests */ = {
			isa = PBXNativeTarget;
			buildConfigurationList = FA85793125BEB4EA00223DB9 /* Build configuration list for PBXNativeTarget "QuickfeedUITests" */;
			buildPhases = (
				FA85791E25BEB4EA00223DB9 /* Sources */,
				FA85791F25BEB4EA00223DB9 /* Frameworks */,
				FA85792025BEB4EA00223DB9 /* Resources */,
			);
			buildRules = (
			);
			dependencies = (
				FA85792425BEB4EA00223DB9 /* PBXTargetDependency */,
			);
			name = QuickfeedUITests;
			productName = QuickfeedUITests;
			productReference = FA85792225BEB4EA00223DB9 /* QuickfeedUITests.xctest */;
			productType = "com.apple.product-type.bundle.ui-testing";
		};
/* End PBXNativeTarget section */

/* Begin PBXProject section */
		FA8578FD25BEB4E900223DB9 /* Project object */ = {
			isa = PBXProject;
			attributes = {
				LastSwiftUpdateCheck = 1230;
				LastUpgradeCheck = 1230;
				TargetAttributes = {
					FA85790425BEB4E900223DB9 = {
						CreatedOnToolsVersion = 12.3;
					};
					FA85791625BEB4EA00223DB9 = {
						CreatedOnToolsVersion = 12.3;
						TestTargetID = FA85790425BEB4E900223DB9;
					};
					FA85792125BEB4EA00223DB9 = {
						CreatedOnToolsVersion = 12.3;
						TestTargetID = FA85790425BEB4E900223DB9;
					};
				};
			};
			buildConfigurationList = FA85790025BEB4E900223DB9 /* Build configuration list for PBXProject "Quickfeed" */;
			compatibilityVersion = "Xcode 9.3";
			developmentRegion = en;
			hasScannedForEncodings = 0;
			knownRegions = (
				en,
				Base,
			);
			mainGroup = FA8578FC25BEB4E900223DB9;
			packageReferences = (
				D0F9FC6125BEB9A90080A1F2 /* XCRemoteSwiftPackageReference "grpc-swift" */,
			);
			productRefGroup = FA85790625BEB4E900223DB9 /* Products */;
			projectDirPath = "";
			projectRoot = "";
			targets = (
				FA85790425BEB4E900223DB9 /* Quickfeed */,
				FA85791625BEB4EA00223DB9 /* QuickfeedTests */,
				FA85792125BEB4EA00223DB9 /* QuickfeedUITests */,
			);
		};
/* End PBXProject section */

/* Begin PBXResourcesBuildPhase section */
		FA85790325BEB4E900223DB9 /* Resources */ = {
			isa = PBXResourcesBuildPhase;
			buildActionMask = 2147483647;
			files = (
				FA85791025BEB4EA00223DB9 /* Preview Assets.xcassets in Resources */,
				FA85790D25BEB4EA00223DB9 /* Assets.xcassets in Resources */,
			);
			runOnlyForDeploymentPostprocessing = 0;
		};
		FA85791525BEB4EA00223DB9 /* Resources */ = {
			isa = PBXResourcesBuildPhase;
			buildActionMask = 2147483647;
			files = (
			);
			runOnlyForDeploymentPostprocessing = 0;
		};
		FA85792025BEB4EA00223DB9 /* Resources */ = {
			isa = PBXResourcesBuildPhase;
			buildActionMask = 2147483647;
			files = (
			);
			runOnlyForDeploymentPostprocessing = 0;
		};
/* End PBXResourcesBuildPhase section */

/* Begin PBXSourcesBuildPhase section */
		FA85790125BEB4E900223DB9 /* Sources */ = {
			isa = PBXSourcesBuildPhase;
			buildActionMask = 2147483647;
			files = (
				FA85799525BECFDA00223DB9 /* StudentNavigatorView.swift in Sources */,
				FA85795C25BEB9DA00223DB9 /* StudentCourse.swift in Sources */,
				FA85796D25BEBA3500223DB9 /* StudentTestResult.swift in Sources */,
				FA85796625BEB9F400223DB9 /* StudentLab.swift in Sources */,
				FA85798225BEC4FB00223DB9 /* LabMenuView.swift in Sources */,
				D0F9FC6F25BEBC360080A1F2 /* ag.pb.swift in Sources */,
				FA85790B25BEB4E900223DB9 /* ContentView.swift in Sources */,
				D0F9FC7025BEBC360080A1F2 /* ag.grpc.swift in Sources */,
				FA4D0BD325BEFD75006412B0 /* UserModel.swift in Sources */,
				FA85790925BEB4E900223DB9 /* QuickfeedApp.swift in Sources */,
			);
			runOnlyForDeploymentPostprocessing = 0;
		};
		FA85791325BEB4EA00223DB9 /* Sources */ = {
			isa = PBXSourcesBuildPhase;
			buildActionMask = 2147483647;
			files = (
				FA85799625BECFDA00223DB9 /* StudentNavigatorView.swift in Sources */,
				FA85798325BEC4FB00223DB9 /* LabMenuView.swift in Sources */,
				FA85796E25BEBA3500223DB9 /* StudentTestResult.swift in Sources */,
				FA85795D25BEB9DA00223DB9 /* StudentCourse.swift in Sources */,
				FA85796725BEB9F400223DB9 /* StudentLab.swift in Sources */,
				FA85791C25BEB4EA00223DB9 /* QuickfeedTests.swift in Sources */,
			);
			runOnlyForDeploymentPostprocessing = 0;
		};
		FA85791E25BEB4EA00223DB9 /* Sources */ = {
			isa = PBXSourcesBuildPhase;
			buildActionMask = 2147483647;
			files = (
				FA85799725BECFDA00223DB9 /* StudentNavigatorView.swift in Sources */,
				FA85798425BEC4FB00223DB9 /* LabMenuView.swift in Sources */,
				FA85796F25BEBA3500223DB9 /* StudentTestResult.swift in Sources */,
				FA85795E25BEB9DA00223DB9 /* StudentCourse.swift in Sources */,
				FA85796825BEB9F400223DB9 /* StudentLab.swift in Sources */,
				FA85792725BEB4EA00223DB9 /* QuickfeedUITests.swift in Sources */,
			);
			runOnlyForDeploymentPostprocessing = 0;
		};
/* End PBXSourcesBuildPhase section */

/* Begin PBXTargetDependency section */
		FA85791925BEB4EA00223DB9 /* PBXTargetDependency */ = {
			isa = PBXTargetDependency;
			target = FA85790425BEB4E900223DB9 /* Quickfeed */;
			targetProxy = FA85791825BEB4EA00223DB9 /* PBXContainerItemProxy */;
		};
		FA85792425BEB4EA00223DB9 /* PBXTargetDependency */ = {
			isa = PBXTargetDependency;
			target = FA85790425BEB4E900223DB9 /* Quickfeed */;
			targetProxy = FA85792325BEB4EA00223DB9 /* PBXContainerItemProxy */;
		};
/* End PBXTargetDependency section */

/* Begin XCBuildConfiguration section */
		FA85792925BEB4EA00223DB9 /* Debug */ = {
			isa = XCBuildConfiguration;
			buildSettings = {
				ALWAYS_SEARCH_USER_PATHS = NO;
				CLANG_ANALYZER_NONNULL = YES;
				CLANG_ANALYZER_NUMBER_OBJECT_CONVERSION = YES_AGGRESSIVE;
				CLANG_CXX_LANGUAGE_STANDARD = "gnu++14";
				CLANG_CXX_LIBRARY = "libc++";
				CLANG_ENABLE_MODULES = YES;
				CLANG_ENABLE_OBJC_ARC = YES;
				CLANG_ENABLE_OBJC_WEAK = YES;
				CLANG_WARN_BLOCK_CAPTURE_AUTORELEASING = YES;
				CLANG_WARN_BOOL_CONVERSION = YES;
				CLANG_WARN_COMMA = YES;
				CLANG_WARN_CONSTANT_CONVERSION = YES;
				CLANG_WARN_DEPRECATED_OBJC_IMPLEMENTATIONS = YES;
				CLANG_WARN_DIRECT_OBJC_ISA_USAGE = YES_ERROR;
				CLANG_WARN_DOCUMENTATION_COMMENTS = YES;
				CLANG_WARN_EMPTY_BODY = YES;
				CLANG_WARN_ENUM_CONVERSION = YES;
				CLANG_WARN_INFINITE_RECURSION = YES;
				CLANG_WARN_INT_CONVERSION = YES;
				CLANG_WARN_NON_LITERAL_NULL_CONVERSION = YES;
				CLANG_WARN_OBJC_IMPLICIT_RETAIN_SELF = YES;
				CLANG_WARN_OBJC_LITERAL_CONVERSION = YES;
				CLANG_WARN_OBJC_ROOT_CLASS = YES_ERROR;
				CLANG_WARN_QUOTED_INCLUDE_IN_FRAMEWORK_HEADER = YES;
				CLANG_WARN_RANGE_LOOP_ANALYSIS = YES;
				CLANG_WARN_STRICT_PROTOTYPES = YES;
				CLANG_WARN_SUSPICIOUS_MOVE = YES;
				CLANG_WARN_UNGUARDED_AVAILABILITY = YES_AGGRESSIVE;
				CLANG_WARN_UNREACHABLE_CODE = YES;
				CLANG_WARN__DUPLICATE_METHOD_MATCH = YES;
				COPY_PHASE_STRIP = NO;
				DEBUG_INFORMATION_FORMAT = dwarf;
				ENABLE_STRICT_OBJC_MSGSEND = YES;
				ENABLE_TESTABILITY = YES;
				GCC_C_LANGUAGE_STANDARD = gnu11;
				GCC_DYNAMIC_NO_PIC = NO;
				GCC_NO_COMMON_BLOCKS = YES;
				GCC_OPTIMIZATION_LEVEL = 0;
				GCC_PREPROCESSOR_DEFINITIONS = (
					"DEBUG=1",
					"$(inherited)",
				);
				GCC_WARN_64_TO_32_BIT_CONVERSION = YES;
				GCC_WARN_ABOUT_RETURN_TYPE = YES_ERROR;
				GCC_WARN_UNDECLARED_SELECTOR = YES;
				GCC_WARN_UNINITIALIZED_AUTOS = YES_AGGRESSIVE;
				GCC_WARN_UNUSED_FUNCTION = YES;
				GCC_WARN_UNUSED_VARIABLE = YES;
				MACOSX_DEPLOYMENT_TARGET = 11.1;
				MTL_ENABLE_DEBUG_INFO = INCLUDE_SOURCE;
				MTL_FAST_MATH = YES;
				ONLY_ACTIVE_ARCH = YES;
				SDKROOT = macosx;
				SWIFT_ACTIVE_COMPILATION_CONDITIONS = DEBUG;
				SWIFT_OPTIMIZATION_LEVEL = "-Onone";
			};
			name = Debug;
		};
		FA85792A25BEB4EA00223DB9 /* Release */ = {
			isa = XCBuildConfiguration;
			buildSettings = {
				ALWAYS_SEARCH_USER_PATHS = NO;
				CLANG_ANALYZER_NONNULL = YES;
				CLANG_ANALYZER_NUMBER_OBJECT_CONVERSION = YES_AGGRESSIVE;
				CLANG_CXX_LANGUAGE_STANDARD = "gnu++14";
				CLANG_CXX_LIBRARY = "libc++";
				CLANG_ENABLE_MODULES = YES;
				CLANG_ENABLE_OBJC_ARC = YES;
				CLANG_ENABLE_OBJC_WEAK = YES;
				CLANG_WARN_BLOCK_CAPTURE_AUTORELEASING = YES;
				CLANG_WARN_BOOL_CONVERSION = YES;
				CLANG_WARN_COMMA = YES;
				CLANG_WARN_CONSTANT_CONVERSION = YES;
				CLANG_WARN_DEPRECATED_OBJC_IMPLEMENTATIONS = YES;
				CLANG_WARN_DIRECT_OBJC_ISA_USAGE = YES_ERROR;
				CLANG_WARN_DOCUMENTATION_COMMENTS = YES;
				CLANG_WARN_EMPTY_BODY = YES;
				CLANG_WARN_ENUM_CONVERSION = YES;
				CLANG_WARN_INFINITE_RECURSION = YES;
				CLANG_WARN_INT_CONVERSION = YES;
				CLANG_WARN_NON_LITERAL_NULL_CONVERSION = YES;
				CLANG_WARN_OBJC_IMPLICIT_RETAIN_SELF = YES;
				CLANG_WARN_OBJC_LITERAL_CONVERSION = YES;
				CLANG_WARN_OBJC_ROOT_CLASS = YES_ERROR;
				CLANG_WARN_QUOTED_INCLUDE_IN_FRAMEWORK_HEADER = YES;
				CLANG_WARN_RANGE_LOOP_ANALYSIS = YES;
				CLANG_WARN_STRICT_PROTOTYPES = YES;
				CLANG_WARN_SUSPICIOUS_MOVE = YES;
				CLANG_WARN_UNGUARDED_AVAILABILITY = YES_AGGRESSIVE;
				CLANG_WARN_UNREACHABLE_CODE = YES;
				CLANG_WARN__DUPLICATE_METHOD_MATCH = YES;
				COPY_PHASE_STRIP = NO;
				DEBUG_INFORMATION_FORMAT = "dwarf-with-dsym";
				ENABLE_NS_ASSERTIONS = NO;
				ENABLE_STRICT_OBJC_MSGSEND = YES;
				GCC_C_LANGUAGE_STANDARD = gnu11;
				GCC_NO_COMMON_BLOCKS = YES;
				GCC_WARN_64_TO_32_BIT_CONVERSION = YES;
				GCC_WARN_ABOUT_RETURN_TYPE = YES_ERROR;
				GCC_WARN_UNDECLARED_SELECTOR = YES;
				GCC_WARN_UNINITIALIZED_AUTOS = YES_AGGRESSIVE;
				GCC_WARN_UNUSED_FUNCTION = YES;
				GCC_WARN_UNUSED_VARIABLE = YES;
				MACOSX_DEPLOYMENT_TARGET = 11.1;
				MTL_ENABLE_DEBUG_INFO = NO;
				MTL_FAST_MATH = YES;
				SDKROOT = macosx;
				SWIFT_COMPILATION_MODE = wholemodule;
				SWIFT_OPTIMIZATION_LEVEL = "-O";
			};
			name = Release;
		};
		FA85792C25BEB4EA00223DB9 /* Debug */ = {
			isa = XCBuildConfiguration;
			buildSettings = {
				ASSETCATALOG_COMPILER_APPICON_NAME = AppIcon;
				ASSETCATALOG_COMPILER_GLOBAL_ACCENT_COLOR_NAME = AccentColor;
				CODE_SIGN_ENTITLEMENTS = Quickfeed/Quickfeed.entitlements;
				CODE_SIGN_STYLE = Automatic;
				COMBINE_HIDPI_IMAGES = YES;
				DEVELOPMENT_ASSET_PATHS = "\"Quickfeed/Preview Content\"";
				ENABLE_PREVIEWS = YES;
				INFOPLIST_FILE = Quickfeed/Info.plist;
				LD_RUNPATH_SEARCH_PATHS = (
					"$(inherited)",
					"@executable_path/../Frameworks",
				);
				MACOSX_DEPLOYMENT_TARGET = 11.0;
				PRODUCT_BUNDLE_IDENTIFIER = gjolga.Quickfeed;
				PRODUCT_NAME = "$(TARGET_NAME)";
				SWIFT_VERSION = 5.0;
			};
			name = Debug;
		};
		FA85792D25BEB4EA00223DB9 /* Release */ = {
			isa = XCBuildConfiguration;
			buildSettings = {
				ASSETCATALOG_COMPILER_APPICON_NAME = AppIcon;
				ASSETCATALOG_COMPILER_GLOBAL_ACCENT_COLOR_NAME = AccentColor;
				CODE_SIGN_ENTITLEMENTS = Quickfeed/Quickfeed.entitlements;
				CODE_SIGN_STYLE = Automatic;
				COMBINE_HIDPI_IMAGES = YES;
				DEVELOPMENT_ASSET_PATHS = "\"Quickfeed/Preview Content\"";
				ENABLE_PREVIEWS = YES;
				INFOPLIST_FILE = Quickfeed/Info.plist;
				LD_RUNPATH_SEARCH_PATHS = (
					"$(inherited)",
					"@executable_path/../Frameworks",
				);
				MACOSX_DEPLOYMENT_TARGET = 11.0;
				PRODUCT_BUNDLE_IDENTIFIER = gjolga.Quickfeed;
				PRODUCT_NAME = "$(TARGET_NAME)";
				SWIFT_VERSION = 5.0;
			};
			name = Release;
		};
		FA85792F25BEB4EA00223DB9 /* Debug */ = {
			isa = XCBuildConfiguration;
			buildSettings = {
				ALWAYS_EMBED_SWIFT_STANDARD_LIBRARIES = YES;
				BUNDLE_LOADER = "$(TEST_HOST)";
				CODE_SIGN_STYLE = Automatic;
				COMBINE_HIDPI_IMAGES = YES;
				INFOPLIST_FILE = QuickfeedTests/Info.plist;
				LD_RUNPATH_SEARCH_PATHS = (
					"$(inherited)",
					"@executable_path/../Frameworks",
					"@loader_path/../Frameworks",
				);
				MACOSX_DEPLOYMENT_TARGET = 11.0;
				PRODUCT_BUNDLE_IDENTIFIER = gjolga.QuickfeedTests;
				PRODUCT_NAME = "$(TARGET_NAME)";
				SWIFT_VERSION = 5.0;
				TEST_HOST = "$(BUILT_PRODUCTS_DIR)/Quickfeed.app/Contents/MacOS/Quickfeed";
			};
			name = Debug;
		};
		FA85793025BEB4EA00223DB9 /* Release */ = {
			isa = XCBuildConfiguration;
			buildSettings = {
				ALWAYS_EMBED_SWIFT_STANDARD_LIBRARIES = YES;
				BUNDLE_LOADER = "$(TEST_HOST)";
				CODE_SIGN_STYLE = Automatic;
				COMBINE_HIDPI_IMAGES = YES;
				INFOPLIST_FILE = QuickfeedTests/Info.plist;
				LD_RUNPATH_SEARCH_PATHS = (
					"$(inherited)",
					"@executable_path/../Frameworks",
					"@loader_path/../Frameworks",
				);
				MACOSX_DEPLOYMENT_TARGET = 11.0;
				PRODUCT_BUNDLE_IDENTIFIER = gjolga.QuickfeedTests;
				PRODUCT_NAME = "$(TARGET_NAME)";
				SWIFT_VERSION = 5.0;
				TEST_HOST = "$(BUILT_PRODUCTS_DIR)/Quickfeed.app/Contents/MacOS/Quickfeed";
			};
			name = Release;
		};
		FA85793225BEB4EA00223DB9 /* Debug */ = {
			isa = XCBuildConfiguration;
			buildSettings = {
				ALWAYS_EMBED_SWIFT_STANDARD_LIBRARIES = YES;
				CODE_SIGN_STYLE = Automatic;
				COMBINE_HIDPI_IMAGES = YES;
				INFOPLIST_FILE = QuickfeedUITests/Info.plist;
				LD_RUNPATH_SEARCH_PATHS = (
					"$(inherited)",
					"@executable_path/../Frameworks",
					"@loader_path/../Frameworks",
				);
				PRODUCT_BUNDLE_IDENTIFIER = gjolga.QuickfeedUITests;
				PRODUCT_NAME = "$(TARGET_NAME)";
				SWIFT_VERSION = 5.0;
				TEST_TARGET_NAME = Quickfeed;
			};
			name = Debug;
		};
		FA85793325BEB4EA00223DB9 /* Release */ = {
			isa = XCBuildConfiguration;
			buildSettings = {
				ALWAYS_EMBED_SWIFT_STANDARD_LIBRARIES = YES;
				CODE_SIGN_STYLE = Automatic;
				COMBINE_HIDPI_IMAGES = YES;
				INFOPLIST_FILE = QuickfeedUITests/Info.plist;
				LD_RUNPATH_SEARCH_PATHS = (
					"$(inherited)",
					"@executable_path/../Frameworks",
					"@loader_path/../Frameworks",
				);
				PRODUCT_BUNDLE_IDENTIFIER = gjolga.QuickfeedUITests;
				PRODUCT_NAME = "$(TARGET_NAME)";
				SWIFT_VERSION = 5.0;
				TEST_TARGET_NAME = Quickfeed;
			};
			name = Release;
		};
/* End XCBuildConfiguration section */

/* Begin XCConfigurationList section */
		FA85790025BEB4E900223DB9 /* Build configuration list for PBXProject "Quickfeed" */ = {
			isa = XCConfigurationList;
			buildConfigurations = (
				FA85792925BEB4EA00223DB9 /* Debug */,
				FA85792A25BEB4EA00223DB9 /* Release */,
			);
			defaultConfigurationIsVisible = 0;
			defaultConfigurationName = Release;
		};
		FA85792B25BEB4EA00223DB9 /* Build configuration list for PBXNativeTarget "Quickfeed" */ = {
			isa = XCConfigurationList;
			buildConfigurations = (
				FA85792C25BEB4EA00223DB9 /* Debug */,
				FA85792D25BEB4EA00223DB9 /* Release */,
			);
			defaultConfigurationIsVisible = 0;
			defaultConfigurationName = Release;
		};
		FA85792E25BEB4EA00223DB9 /* Build configuration list for PBXNativeTarget "QuickfeedTests" */ = {
			isa = XCConfigurationList;
			buildConfigurations = (
				FA85792F25BEB4EA00223DB9 /* Debug */,
				FA85793025BEB4EA00223DB9 /* Release */,
			);
			defaultConfigurationIsVisible = 0;
			defaultConfigurationName = Release;
		};
		FA85793125BEB4EA00223DB9 /* Build configuration list for PBXNativeTarget "QuickfeedUITests" */ = {
			isa = XCConfigurationList;
			buildConfigurations = (
				FA85793225BEB4EA00223DB9 /* Debug */,
				FA85793325BEB4EA00223DB9 /* Release */,
			);
			defaultConfigurationIsVisible = 0;
			defaultConfigurationName = Release;
		};
/* End XCConfigurationList section */

/* Begin XCRemoteSwiftPackageReference section */
		D0F9FC6125BEB9A90080A1F2 /* XCRemoteSwiftPackageReference "grpc-swift" */ = {
			isa = XCRemoteSwiftPackageReference;
			repositoryURL = "https://github.com/grpc/grpc-swift";
			requirement = {
				kind = upToNextMajorVersion;
				minimumVersion = "1.0.0-alpha.23";
			};
		};
/* End XCRemoteSwiftPackageReference section */

/* Begin XCSwiftPackageProductDependency section */
		D0F9FC6225BEB9A90080A1F2 /* GRPC */ = {
			isa = XCSwiftPackageProductDependency;
			package = D0F9FC6125BEB9A90080A1F2 /* XCRemoteSwiftPackageReference "grpc-swift" */;
			productName = GRPC;
		};
		D0F9FC6425BEB9A90080A1F2 /* CGRPCZlib */ = {
			isa = XCSwiftPackageProductDependency;
			package = D0F9FC6125BEB9A90080A1F2 /* XCRemoteSwiftPackageReference "grpc-swift" */;
			productName = CGRPCZlib;
		};
/* End XCSwiftPackageProductDependency section */
	};
	rootObject = FA8578FD25BEB4E900223DB9 /* Project object */;
}
